{
  "version": 4,
  "terraform_version": "1.12.2",
  "serial": 477,
  "lineage": "97b31961-3fd2-5460-6b4c-50e1e55c9e7a",
  "outputs": {
    "api-gw-url": {
      "value": "https://otf5rjmog3.execute-api.eu-west-2.amazonaws.com/prod/api/counter",
      "type": "string"
    },
    "dynamodb_table_arn": {
      "value": "arn:aws:dynamodb:eu-west-2:869700439563:table/metrics",
      "type": "string"
    },
    "dynamodb_table_id": {
      "value": "metrics",
      "type": "string"
    },
    "dynamodb_table_name": {
      "value": "metrics",
      "type": "string"
    }
  },
  "resources": [
    {
      "module": "module.api-gw",
      "mode": "data",
      "type": "aws_region",
      "name": "current",
      "provider": "provider[\"registry.terraform.io/hashicorp/aws\"]",
      "instances": [
        {
          "schema_version": 0,
          "attributes": {
            "description": "Europe (London)",
            "endpoint": "ec2.eu-west-2.amazonaws.com",
            "id": "eu-west-2",
            "name": "eu-west-2"
          },
          "sensitive_attributes": [],
          "identity_schema_version": 0
        }
      ]
    },
    {
      "module": "module.api-gw",
      "mode": "managed",
      "type": "aws_api_gateway_deployment",
      "name": "counter_api_deployment",
      "provider": "provider[\"registry.terraform.io/hashicorp/aws\"]",
      "instances": [
        {
          "schema_version": 0,
          "attributes": {
            "canary_settings": [],
            "created_date": "2025-08-05T11:06:19Z",
            "description": "",
            "execution_arn": "arn:aws:execute-api:eu-west-2:869700439563:otf5rjmog3/",
            "id": "axnw5z",
            "invoke_url": "https://otf5rjmog3.execute-api.eu-west-2.amazonaws.com/",
            "rest_api_id": "otf5rjmog3",
            "stage_description": null,
            "stage_name": null,
            "triggers": null,
            "variables": null
          },
          "sensitive_attributes": [],
          "identity_schema_version": 0,
          "private": "bnVsbA==",
          "dependencies": [
            "module.api-gw.aws_api_gateway_integration.counter_get_integration",
            "module.api-gw.aws_api_gateway_integration.counter_options_integration",
            "module.api-gw.aws_api_gateway_integration.counter_put_integration",
            "module.api-gw.aws_api_gateway_method.counter_get",
            "module.api-gw.aws_api_gateway_method.counter_options",
            "module.api-gw.aws_api_gateway_method.counter_put",
            "module.api-gw.aws_api_gateway_resource.api_resource",
            "module.api-gw.aws_api_gateway_resource.counter_resource",
            "module.api-gw.aws_api_gateway_rest_api.counter_api",
            "module.lambda.aws_iam_role.counter-lambda-role",
            "module.lambda.aws_lambda_function.resume-counter-lambda"
          ],
          "create_before_destroy": true
        }
      ]
    },
    {
      "module": "module.api-gw",
      "mode": "managed",
      "type": "aws_api_gateway_integration",
      "name": "counter_get_integration",
      "provider": "provider[\"registry.terraform.io/hashicorp/aws\"]",
      "instances": [
        {
          "schema_version": 0,
          "attributes": {
            "cache_key_parameters": [],
            "cache_namespace": "5n8gsg",
            "connection_id": "",
            "connection_type": "INTERNET",
            "content_handling": "",
            "credentials": "",
            "http_method": "GET",
            "id": "agi-otf5rjmog3-5n8gsg-GET",
            "integration_http_method": "POST",
            "passthrough_behavior": "WHEN_NO_MATCH",
            "request_parameters": {},
            "request_templates": {},
            "resource_id": "5n8gsg",
            "rest_api_id": "otf5rjmog3",
            "timeout_milliseconds": 29000,
            "tls_config": [],
            "type": "AWS_PROXY",
            "uri": "arn:aws:apigateway:eu-west-2:lambda:path/2015-03-31/functions/arn:aws:lambda:eu-west-2:869700439563:function:resume-metrics-python-lambda-peter-greaves/invocations"
          },
          "sensitive_attributes": [],
          "identity_schema_version": 0,
          "private": "bnVsbA==",
          "dependencies": [
            "module.api-gw.aws_api_gateway_method.counter_get",
            "module.api-gw.aws_api_gateway_resource.api_resource",
            "module.api-gw.aws_api_gateway_resource.counter_resource",
            "module.api-gw.aws_api_gateway_rest_api.counter_api",
            "module.lambda.aws_iam_role.counter-lambda-role",
            "module.lambda.aws_lambda_function.resume-counter-lambda"
          ],
          "create_before_destroy": true
        }
      ]
    },
    {
      "module": "module.api-gw",
      "mode": "managed",
      "type": "aws_api_gateway_integration",
      "name": "counter_options_integration",
      "provider": "provider[\"registry.terraform.io/hashicorp/aws\"]",
      "instances": [
        {
          "schema_version": 0,
          "attributes": {
            "cache_key_parameters": [],
            "cache_namespace": "5n8gsg",
            "connection_id": "",
            "connection_type": "INTERNET",
            "content_handling": "",
            "credentials": "",
            "http_method": "OPTIONS",
            "id": "agi-otf5rjmog3-5n8gsg-OPTIONS",
            "integration_http_method": "",
            "passthrough_behavior": "WHEN_NO_MATCH",
            "request_parameters": {},
            "request_templates": {
              "application/json": "{\"statusCode\": 200}"
            },
            "resource_id": "5n8gsg",
            "rest_api_id": "otf5rjmog3",
            "timeout_milliseconds": 29000,
            "tls_config": [],
            "type": "MOCK",
            "uri": ""
          },
          "sensitive_attributes": [],
          "identity_schema_version": 0,
          "private": "bnVsbA==",
          "dependencies": [
            "module.api-gw.aws_api_gateway_method.counter_options",
            "module.api-gw.aws_api_gateway_resource.api_resource",
            "module.api-gw.aws_api_gateway_resource.counter_resource",
            "module.api-gw.aws_api_gateway_rest_api.counter_api"
          ],
          "create_before_destroy": true
        }
      ]
    },
    {
      "module": "module.api-gw",
      "mode": "managed",
      "type": "aws_api_gateway_integration",
      "name": "counter_put_integration",
      "provider": "provider[\"registry.terraform.io/hashicorp/aws\"]",
      "instances": [
        {
          "schema_version": 0,
          "attributes": {
            "cache_key_parameters": [],
            "cache_namespace": "5n8gsg",
            "connection_id": "",
            "connection_type": "INTERNET",
            "content_handling": "",
            "credentials": "",
            "http_method": "PUT",
            "id": "agi-otf5rjmog3-5n8gsg-PUT",
            "integration_http_method": "POST",
            "passthrough_behavior": "WHEN_NO_MATCH",
            "request_parameters": {},
            "request_templates": {},
            "resource_id": "5n8gsg",
            "rest_api_id": "otf5rjmog3",
            "timeout_milliseconds": 29000,
            "tls_config": [],
            "type": "AWS_PROXY",
            "uri": "arn:aws:apigateway:eu-west-2:lambda:path/2015-03-31/functions/arn:aws:lambda:eu-west-2:869700439563:function:resume-metrics-python-lambda-peter-greaves/invocations"
          },
          "sensitive_attributes": [],
          "identity_schema_version": 0,
          "private": "bnVsbA==",
          "dependencies": [
            "module.api-gw.aws_api_gateway_method.counter_put",
            "module.api-gw.aws_api_gateway_resource.api_resource",
            "module.api-gw.aws_api_gateway_resource.counter_resource",
            "module.api-gw.aws_api_gateway_rest_api.counter_api",
            "module.lambda.aws_iam_role.counter-lambda-role",
            "module.lambda.aws_lambda_function.resume-counter-lambda"
          ],
          "create_before_destroy": true
        }
      ]
    },
    {
      "module": "module.api-gw",
      "mode": "managed",
      "type": "aws_api_gateway_integration_response",
      "name": "counter_options_integration_response",
      "provider": "provider[\"registry.terraform.io/hashicorp/aws\"]",
      "instances": [
        {
          "schema_version": 0,
          "attributes": {
            "content_handling": "",
            "http_method": "OPTIONS",
            "id": "agir-otf5rjmog3-5n8gsg-OPTIONS-200",
            "resource_id": "5n8gsg",
            "response_parameters": {
              "method.response.header.Access-Control-Allow-Headers": "'Content-Type,X-Amz-Date,Authorization,X-Api-Key,X-Amz-Security-Token'",
              "method.response.header.Access-Control-Allow-Methods": "'GET,PUT,OPTIONS'",
              "method.response.header.Access-Control-Allow-Origin": "'*.peter-greaves.net'"
            },
            "response_templates": {},
            "rest_api_id": "otf5rjmog3",
            "selection_pattern": "",
            "status_code": "200"
          },
          "sensitive_attributes": [],
          "identity_schema_version": 0,
          "private": "bnVsbA==",
          "dependencies": [
            "module.api-gw.aws_api_gateway_method.counter_options",
            "module.api-gw.aws_api_gateway_method_response.counter_options_response",
            "module.api-gw.aws_api_gateway_resource.api_resource",
            "module.api-gw.aws_api_gateway_resource.counter_resource",
            "module.api-gw.aws_api_gateway_rest_api.counter_api"
          ]
        }
      ]
    },
    {
      "module": "module.api-gw",
      "mode": "managed",
      "type": "aws_api_gateway_method",
      "name": "counter_get",
      "provider": "provider[\"registry.terraform.io/hashicorp/aws\"]",
      "instances": [
        {
          "schema_version": 0,
          "attributes": {
            "api_key_required": false,
            "authorization": "NONE",
            "authorization_scopes": [],
            "authorizer_id": "",
            "http_method": "GET",
            "id": "agm-otf5rjmog3-5n8gsg-GET",
            "operation_name": "",
            "request_models": {},
            "request_parameters": {},
            "request_validator_id": "",
            "resource_id": "5n8gsg",
            "rest_api_id": "otf5rjmog3"
          },
          "sensitive_attributes": [],
          "identity_schema_version": 0,
          "private": "bnVsbA==",
          "dependencies": [
            "module.api-gw.aws_api_gateway_resource.api_resource",
            "module.api-gw.aws_api_gateway_resource.counter_resource",
            "module.api-gw.aws_api_gateway_rest_api.counter_api"
          ],
          "create_before_destroy": true
        }
      ]
    },
    {
      "module": "module.api-gw",
      "mode": "managed",
      "type": "aws_api_gateway_method",
      "name": "counter_options",
      "provider": "provider[\"registry.terraform.io/hashicorp/aws\"]",
      "instances": [
        {
          "schema_version": 0,
          "attributes": {
            "api_key_required": false,
            "authorization": "NONE",
            "authorization_scopes": [],
            "authorizer_id": "",
            "http_method": "OPTIONS",
            "id": "agm-otf5rjmog3-5n8gsg-OPTIONS",
            "operation_name": "",
            "request_models": {},
            "request_parameters": {},
            "request_validator_id": "",
            "resource_id": "5n8gsg",
            "rest_api_id": "otf5rjmog3"
          },
          "sensitive_attributes": [],
          "identity_schema_version": 0,
          "private": "bnVsbA==",
          "dependencies": [
            "module.api-gw.aws_api_gateway_resource.api_resource",
            "module.api-gw.aws_api_gateway_resource.counter_resource",
            "module.api-gw.aws_api_gateway_rest_api.counter_api"
          ],
          "create_before_destroy": true
        }
      ]
    },
    {
      "module": "module.api-gw",
      "mode": "managed",
      "type": "aws_api_gateway_method",
      "name": "counter_put",
      "provider": "provider[\"registry.terraform.io/hashicorp/aws\"]",
      "instances": [
        {
          "schema_version": 0,
          "attributes": {
            "api_key_required": false,
            "authorization": "NONE",
            "authorization_scopes": [],
            "authorizer_id": "",
            "http_method": "PUT",
            "id": "agm-otf5rjmog3-5n8gsg-PUT",
            "operation_name": "",
            "request_models": {},
            "request_parameters": {},
            "request_validator_id": "",
            "resource_id": "5n8gsg",
            "rest_api_id": "otf5rjmog3"
          },
          "sensitive_attributes": [],
          "identity_schema_version": 0,
          "private": "bnVsbA==",
          "dependencies": [
            "module.api-gw.aws_api_gateway_resource.api_resource",
            "module.api-gw.aws_api_gateway_resource.counter_resource",
            "module.api-gw.aws_api_gateway_rest_api.counter_api"
          ],
          "create_before_destroy": true
        }
      ]
    },
    {
      "module": "module.api-gw",
      "mode": "managed",
      "type": "aws_api_gateway_method_response",
      "name": "counter_get_response",
      "provider": "provider[\"registry.terraform.io/hashicorp/aws\"]",
      "instances": [
        {
          "schema_version": 0,
          "attributes": {
            "http_method": "GET",
            "id": "agmr-otf5rjmog3-5n8gsg-GET-200",
            "resource_id": "5n8gsg",
            "response_models": {},
            "response_parameters": {
              "method.response.header.Access-Control-Allow-Origin": true
            },
            "rest_api_id": "otf5rjmog3",
            "status_code": "200"
          },
          "sensitive_attributes": [],
          "identity_schema_version": 0,
          "private": "bnVsbA==",
          "dependencies": [
            "module.api-gw.aws_api_gateway_method.counter_get",
            "module.api-gw.aws_api_gateway_resource.api_resource",
            "module.api-gw.aws_api_gateway_resource.counter_resource",
            "module.api-gw.aws_api_gateway_rest_api.counter_api"
          ]
        }
      ]
    },
    {
      "module": "module.api-gw",
      "mode": "managed",
      "type": "aws_api_gateway_method_response",
      "name": "counter_options_response",
      "provider": "provider[\"registry.terraform.io/hashicorp/aws\"]",
      "instances": [
        {
          "schema_version": 0,
          "attributes": {
            "http_method": "OPTIONS",
            "id": "agmr-otf5rjmog3-5n8gsg-OPTIONS-200",
            "resource_id": "5n8gsg",
            "response_models": {},
            "response_parameters": {
              "method.response.header.Access-Control-Allow-Headers": true,
              "method.response.header.Access-Control-Allow-Methods": true,
              "method.response.header.Access-Control-Allow-Origin": true
            },
            "rest_api_id": "otf5rjmog3",
            "status_code": "200"
          },
          "sensitive_attributes": [],
          "identity_schema_version": 0,
          "private": "bnVsbA==",
          "dependencies": [
            "module.api-gw.aws_api_gateway_method.counter_options",
            "module.api-gw.aws_api_gateway_resource.api_resource",
            "module.api-gw.aws_api_gateway_resource.counter_resource",
            "module.api-gw.aws_api_gateway_rest_api.counter_api"
          ]
        }
      ]
    },
    {
      "module": "module.api-gw",
      "mode": "managed",
      "type": "aws_api_gateway_method_response",
      "name": "counter_put_response",
      "provider": "provider[\"registry.terraform.io/hashicorp/aws\"]",
      "instances": [
        {
          "schema_version": 0,
          "attributes": {
            "http_method": "PUT",
            "id": "agmr-otf5rjmog3-5n8gsg-PUT-200",
            "resource_id": "5n8gsg",
            "response_models": {},
            "response_parameters": {
              "method.response.header.Access-Control-Allow-Origin": true
            },
            "rest_api_id": "otf5rjmog3",
            "status_code": "200"
          },
          "sensitive_attributes": [],
          "identity_schema_version": 0,
          "private": "bnVsbA==",
          "dependencies": [
            "module.api-gw.aws_api_gateway_method.counter_put",
            "module.api-gw.aws_api_gateway_resource.api_resource",
            "module.api-gw.aws_api_gateway_resource.counter_resource",
            "module.api-gw.aws_api_gateway_rest_api.counter_api"
          ]
        }
      ]
    },
    {
      "module": "module.api-gw",
      "mode": "managed",
      "type": "aws_api_gateway_resource",
      "name": "api_resource",
      "provider": "provider[\"registry.terraform.io/hashicorp/aws\"]",
      "instances": [
        {
          "schema_version": 0,
          "attributes": {
            "id": "re6myw",
            "parent_id": "bdapfta946",
            "path": "/api",
            "path_part": "api",
            "rest_api_id": "otf5rjmog3"
          },
          "sensitive_attributes": [],
          "identity_schema_version": 0,
          "private": "bnVsbA==",
          "dependencies": [
            "module.api-gw.aws_api_gateway_rest_api.counter_api"
          ],
          "create_before_destroy": true
        }
      ]
    },
    {
      "module": "module.api-gw",
      "mode": "managed",
      "type": "aws_api_gateway_resource",
      "name": "counter_resource",
      "provider": "provider[\"registry.terraform.io/hashicorp/aws\"]",
      "instances": [
        {
          "schema_version": 0,
          "attributes": {
            "id": "5n8gsg",
            "parent_id": "re6myw",
            "path": "/api/counter",
            "path_part": "counter",
            "rest_api_id": "otf5rjmog3"
          },
          "sensitive_attributes": [],
          "identity_schema_version": 0,
          "private": "bnVsbA==",
          "dependencies": [
            "module.api-gw.aws_api_gateway_resource.api_resource",
            "module.api-gw.aws_api_gateway_rest_api.counter_api"
          ],
          "create_before_destroy": true
        }
      ]
    },
    {
      "module": "module.api-gw",
      "mode": "managed",
      "type": "aws_api_gateway_rest_api",
      "name": "counter_api",
      "provider": "provider[\"registry.terraform.io/hashicorp/aws\"]",
      "instances": [
        {
          "schema_version": 0,
          "attributes": {
            "api_key_source": "HEADER",
            "arn": "arn:aws:apigateway:eu-west-2::/restapis/otf5rjmog3",
            "binary_media_types": [],
            "body": null,
            "created_date": "2025-08-05T11:06:04Z",
            "description": "API Gateway for counter application",
            "disable_execute_api_endpoint": false,
            "endpoint_configuration": [
              {
                "ip_address_type": "ipv4",
                "types": [
                  "REGIONAL"
                ],
                "vpc_endpoint_ids": []
              }
            ],
            "execution_arn": "arn:aws:execute-api:eu-west-2:869700439563:otf5rjmog3",
            "fail_on_warnings": null,
            "id": "otf5rjmog3",
            "minimum_compression_size": "",
            "name": "counter-api",
            "parameters": null,
            "policy": "",
            "put_rest_api_mode": null,
            "root_resource_id": "bdapfta946",
            "tags": {},
            "tags_all": {}
          },
          "sensitive_attributes": [],
          "identity_schema_version": 0,
          "private": "bnVsbA==",
          "create_before_destroy": true
        }
      ]
    },
    {
      "module": "module.api-gw",
      "mode": "managed",
      "type": "aws_api_gateway_stage",
      "name": "counter-api-stage",
      "provider": "provider[\"registry.terraform.io/hashicorp/aws\"]",
      "instances": [
        {
          "schema_version": 0,
          "attributes": {
            "access_log_settings": [],
            "arn": "arn:aws:apigateway:eu-west-2::/restapis/otf5rjmog3/stages/prod",
            "cache_cluster_enabled": false,
            "cache_cluster_size": "",
            "canary_settings": [],
            "client_certificate_id": "",
            "deployment_id": "axnw5z",
            "description": "",
            "documentation_version": "",
            "execution_arn": "arn:aws:execute-api:eu-west-2:869700439563:otf5rjmog3/prod",
            "id": "ags-otf5rjmog3-prod",
            "invoke_url": "https://otf5rjmog3.execute-api.eu-west-2.amazonaws.com/prod",
            "rest_api_id": "otf5rjmog3",
            "stage_name": "prod",
            "tags": {},
            "tags_all": {},
            "variables": {},
            "web_acl_arn": "",
            "xray_tracing_enabled": false
          },
          "sensitive_attributes": [],
          "identity_schema_version": 0,
          "private": "bnVsbA==",
          "dependencies": [
            "module.api-gw.aws_api_gateway_deployment.counter_api_deployment",
            "module.api-gw.aws_api_gateway_integration.counter_get_integration",
            "module.api-gw.aws_api_gateway_integration.counter_options_integration",
            "module.api-gw.aws_api_gateway_integration.counter_put_integration",
            "module.api-gw.aws_api_gateway_method.counter_get",
            "module.api-gw.aws_api_gateway_method.counter_options",
            "module.api-gw.aws_api_gateway_method.counter_put",
            "module.api-gw.aws_api_gateway_resource.api_resource",
            "module.api-gw.aws_api_gateway_resource.counter_resource",
            "module.api-gw.aws_api_gateway_rest_api.counter_api",
            "module.lambda.aws_iam_role.counter-lambda-role",
            "module.lambda.aws_lambda_function.resume-counter-lambda"
          ]
        }
      ]
    },
    {
      "module": "module.api-gw",
      "mode": "managed",
      "type": "aws_lambda_permission",
      "name": "api_gateway_lambda",
      "provider": "provider[\"registry.terraform.io/hashicorp/aws\"]",
      "instances": [
        {
          "schema_version": 0,
          "attributes": {
            "action": "lambda:InvokeFunction",
            "event_source_token": null,
            "function_name": "resume-metrics-python-lambda-peter-greaves",
            "function_url_auth_type": null,
            "id": "AllowExecutionFromAPIGateway",
            "principal": "apigateway.amazonaws.com",
            "principal_org_id": null,
            "qualifier": "",
            "source_account": null,
            "source_arn": "arn:aws:execute-api:eu-west-2:869700439563:otf5rjmog3/*/*",
            "statement_id": "AllowExecutionFromAPIGateway",
            "statement_id_prefix": ""
          },
          "sensitive_attributes": [],
          "identity_schema_version": 0,
          "private": "bnVsbA==",
          "dependencies": [
            "module.api-gw.aws_api_gateway_rest_api.counter_api",
            "module.lambda.aws_iam_role.counter-lambda-role",
            "module.lambda.aws_lambda_function.resume-counter-lambda"
          ]
        }
      ]
    },
    {
      "module": "module.cloud-front",
      "mode": "managed",
      "type": "aws_cloudfront_distribution",
      "name": "resume_distribution",
      "provider": "provider[\"registry.terraform.io/hashicorp/aws\"]",
      "instances": [
        {
          "schema_version": 1,
          "attributes": {
            "aliases": [
              "about.peter-greaves.net"
            ],
            "arn": "arn:aws:cloudfront::869700439563:distribution/E3FDS2HYDAUIG4",
            "caller_reference": "terraform-20250805110605562700000001",
            "comment": "CloudFront distribution for resume bucket",
            "continuous_deployment_policy_id": "",
            "custom_error_response": [
              {
                "error_caching_min_ttl": 300,
                "error_code": 403,
                "response_code": 200,
                "response_page_path": "/index.html"
              },
              {
                "error_caching_min_ttl": 300,
                "error_code": 404,
                "response_code": 200,
                "response_page_path": "/index.html"
              }
            ],
            "default_cache_behavior": [
              {
                "allowed_methods": [
                  "DELETE",
                  "GET",
                  "HEAD",
                  "OPTIONS",
                  "PATCH",
                  "POST",
                  "PUT"
                ],
                "cache_policy_id": "",
                "cached_methods": [
                  "GET",
                  "HEAD"
                ],
                "compress": true,
                "default_ttl": 3600,
                "field_level_encryption_id": "",
                "forwarded_values": [
                  {
                    "cookies": [
                      {
                        "forward": "none",
                        "whitelisted_names": []
                      }
                    ],
                    "headers": [],
                    "query_string": false,
                    "query_string_cache_keys": []
                  }
                ],
                "function_association": [],
                "grpc_config": [
                  {
                    "enabled": false
                  }
                ],
                "lambda_function_association": [],
                "max_ttl": 86400,
                "min_ttl": 0,
                "origin_request_policy_id": "",
                "realtime_log_config_arn": "",
                "response_headers_policy_id": "",
                "smooth_streaming": false,
                "target_origin_id": "S3-resume-bucket",
                "trusted_key_groups": [],
                "trusted_signers": [],
                "viewer_protocol_policy": "redirect-to-https"
              }
            ],
            "default_root_object": "index.html",
            "domain_name": "d2m4nh5av8wpq7.cloudfront.net",
            "enabled": true,
            "etag": "E15XQAI8HM4LT7",
            "hosted_zone_id": "Z2FDTNDATAQYW2",
            "http_version": "http2",
            "id": "E3FDS2HYDAUIG4",
            "in_progress_validation_batches": 0,
            "is_ipv6_enabled": true,
            "last_modified_time": "2025-08-05 11:06:05.673 +0000 UTC",
            "logging_config": [],
            "ordered_cache_behavior": [],
            "origin": [
              {
                "connection_attempts": 3,
                "connection_timeout": 10,
                "custom_header": [],
                "custom_origin_config": [],
                "domain_name": "cloud-resume-challenge-content-bucket.s3.eu-west-2.amazonaws.com",
                "origin_access_control_id": "E2UXIFOOMWC38V",
                "origin_id": "S3-resume-bucket",
                "origin_path": "",
                "origin_shield": [],
                "s3_origin_config": [],
                "vpc_origin_config": []
              }
            ],
            "origin_group": [],
            "price_class": "PriceClass_All",
            "restrictions": [
              {
                "geo_restriction": [
                  {
                    "locations": [],
                    "restriction_type": "none"
                  }
                ]
              }
            ],
            "retain_on_delete": false,
            "staging": false,
            "status": "Deployed",
            "tags": {
              "Environment": "production",
              "Name": "Resume Distribution"
            },
            "tags_all": {
              "Environment": "production",
              "Name": "Resume Distribution"
            },
            "trusted_key_groups": [
              {
                "enabled": false,
                "items": []
              }
            ],
            "trusted_signers": [
              {
                "enabled": false,
                "items": []
              }
            ],
            "viewer_certificate": [
              {
                "acm_certificate_arn": "arn:aws:acm:us-east-1:869700439563:certificate/0736b2dc-093f-4a60-bacb-e28e70414a25",
                "cloudfront_default_certificate": false,
                "iam_certificate_id": "",
                "minimum_protocol_version": "TLSv1.2_2021",
                "ssl_support_method": "sni-only"
              }
            ],
            "wait_for_deployment": true,
            "web_acl_id": ""
          },
          "sensitive_attributes": [],
          "identity_schema_version": 0,
          "private": "eyJzY2hlbWFfdmVyc2lvbiI6IjEifQ==",
          "dependencies": [
            "module.cloud-front.aws_cloudfront_origin_access_control.s3_oac",
            "module.content-s3.aws_s3_bucket.website-bucket"
          ]
        }
      ]
    },
    {
      "module": "module.cloud-front",
      "mode": "managed",
      "type": "aws_cloudfront_origin_access_control",
      "name": "s3_oac",
      "provider": "provider[\"registry.terraform.io/hashicorp/aws\"]",
      "instances": [
        {
          "schema_version": 0,
          "attributes": {
            "arn": "arn:aws:cloudfront::869700439563:origin-access-control/E2UXIFOOMWC38V",
            "description": "Origin Access Control for resume bucket",
            "etag": "ETVPDKIKX0DER",
            "id": "E2UXIFOOMWC38V",
            "name": "resume-bucket-oac",
            "origin_access_control_origin_type": "s3",
            "signing_behavior": "always",
            "signing_protocol": "sigv4"
          },
          "sensitive_attributes": [],
          "identity_schema_version": 0,
          "private": "bnVsbA=="
        }
      ]
    },
    {
      "module": "module.cloud-front",
      "mode": "managed",
      "type": "aws_route53_record",
      "name": "www_A",
      "provider": "provider[\"registry.terraform.io/hashicorp/aws\"]",
      "instances": [
        {
          "schema_version": 2,
          "attributes": {
            "alias": [
              {
                "evaluate_target_health": false,
                "name": "d2m4nh5av8wpq7.cloudfront.net",
                "zone_id": "Z2FDTNDATAQYW2"
              }
            ],
            "allow_overwrite": null,
            "cidr_routing_policy": [],
            "failover_routing_policy": [],
            "fqdn": "about.peter-greaves.net",
            "geolocation_routing_policy": [],
            "geoproximity_routing_policy": [],
            "health_check_id": "",
            "id": "Z0738660KJJM7N1VV5WV_about.peter-greaves.net._A",
            "latency_routing_policy": [],
            "multivalue_answer_routing_policy": false,
            "name": "about.peter-greaves.net",
            "records": [],
            "set_identifier": "",
            "timeouts": null,
            "ttl": 0,
            "type": "A",
            "weighted_routing_policy": [],
            "zone_id": "Z0738660KJJM7N1VV5WV"
          },
          "sensitive_attributes": [],
          "identity_schema_version": 0,
          "private": "eyJlMmJmYjczMC1lY2FhLTExZTYtOGY4OC0zNDM2M2JjN2M0YzAiOnsiY3JlYXRlIjoxODAwMDAwMDAwMDAwLCJkZWxldGUiOjE4MDAwMDAwMDAwMDAsInVwZGF0ZSI6MTgwMDAwMDAwMDAwMH0sInNjaGVtYV92ZXJzaW9uIjoiMiJ9",
          "dependencies": [
            "module.cloud-front.aws_cloudfront_distribution.resume_distribution",
            "module.cloud-front.aws_cloudfront_origin_access_control.s3_oac",
            "module.content-s3.aws_s3_bucket.website-bucket"
          ]
        }
      ]
    },
    {
      "module": "module.cloud-front",
      "mode": "managed",
      "type": "aws_route53_record",
      "name": "www_AAAA",
      "provider": "provider[\"registry.terraform.io/hashicorp/aws\"]",
      "instances": [
        {
          "schema_version": 2,
          "attributes": {
            "alias": [
              {
                "evaluate_target_health": false,
                "name": "d2m4nh5av8wpq7.cloudfront.net",
                "zone_id": "Z2FDTNDATAQYW2"
              }
            ],
            "allow_overwrite": null,
            "cidr_routing_policy": [],
            "failover_routing_policy": [],
            "fqdn": "about.peter-greaves.net",
            "geolocation_routing_policy": [],
            "geoproximity_routing_policy": [],
            "health_check_id": "",
            "id": "Z0738660KJJM7N1VV5WV_about.peter-greaves.net._AAAA",
            "latency_routing_policy": [],
            "multivalue_answer_routing_policy": false,
            "name": "about.peter-greaves.net",
            "records": [],
            "set_identifier": "",
            "timeouts": null,
            "ttl": 0,
            "type": "AAAA",
            "weighted_routing_policy": [],
            "zone_id": "Z0738660KJJM7N1VV5WV"
          },
          "sensitive_attributes": [],
          "identity_schema_version": 0,
          "private": "eyJlMmJmYjczMC1lY2FhLTExZTYtOGY4OC0zNDM2M2JjN2M0YzAiOnsiY3JlYXRlIjoxODAwMDAwMDAwMDAwLCJkZWxldGUiOjE4MDAwMDAwMDAwMDAsInVwZGF0ZSI6MTgwMDAwMDAwMDAwMH0sInNjaGVtYV92ZXJzaW9uIjoiMiJ9",
          "dependencies": [
            "module.cloud-front.aws_cloudfront_distribution.resume_distribution",
            "module.cloud-front.aws_cloudfront_origin_access_control.s3_oac",
            "module.content-s3.aws_s3_bucket.website-bucket"
          ]
        }
      ]
    },
    {
      "module": "module.cloud-front",
      "mode": "managed",
      "type": "aws_s3_bucket_policy",
      "name": "resume_bucket_policy",
      "provider": "provider[\"registry.terraform.io/hashicorp/aws\"]",
      "instances": [
        {
          "schema_version": 0,
          "attributes": {
            "bucket": "cloud-resume-challenge-content-bucket",
            "id": "cloud-resume-challenge-content-bucket",
            "policy": "{\"Statement\":[{\"Action\":\"s3:GetObject\",\"Condition\":{\"StringEquals\":{\"AWS:SourceArn\":\"arn:aws:cloudfront::869700439563:distribution/E3FDS2HYDAUIG4\"}},\"Effect\":\"Allow\",\"Principal\":{\"Service\":\"cloudfront.amazonaws.com\"},\"Resource\":\"arn:aws:s3:::cloud-resume-challenge-content-bucket/*\",\"Sid\":\"AllowCloudFrontServicePrincipal\"}],\"Version\":\"2012-10-17\"}"
          },
          "sensitive_attributes": [],
          "identity_schema_version": 0,
          "private": "bnVsbA==",
          "dependencies": [
            "module.cloud-front.aws_cloudfront_distribution.resume_distribution",
            "module.cloud-front.aws_cloudfront_origin_access_control.s3_oac",
            "module.content-s3.aws_s3_bucket.website-bucket"
          ]
        }
      ]
    },
    {
      "module": "module.content-s3",
      "mode": "managed",
      "type": "aws_s3_bucket",
      "name": "website-bucket",
      "provider": "provider[\"registry.terraform.io/hashicorp/aws\"]",
      "instances": [
        {
          "schema_version": 0,
          "attributes": {
            "acceleration_status": "",
            "acl": null,
            "arn": "arn:aws:s3:::cloud-resume-challenge-content-bucket",
            "bucket": "cloud-resume-challenge-content-bucket",
            "bucket_domain_name": "cloud-resume-challenge-content-bucket.s3.amazonaws.com",
            "bucket_prefix": "",
            "bucket_regional_domain_name": "cloud-resume-challenge-content-bucket.s3.eu-west-2.amazonaws.com",
            "cors_rule": [],
            "force_destroy": false,
            "grant": [
              {
                "id": "568b14aa1c46c2fdf4747af01c5967bd58513320336b897676eb2c17767f93b5",
                "permissions": [
                  "FULL_CONTROL"
                ],
                "type": "CanonicalUser",
                "uri": ""
              }
            ],
            "hosted_zone_id": "Z3GKZC51ZF0DB4",
            "id": "cloud-resume-challenge-content-bucket",
            "lifecycle_rule": [],
            "logging": [],
            "object_lock_configuration": [],
            "object_lock_enabled": false,
            "policy": "{\"Statement\":[{\"Action\":\"s3:GetObject\",\"Condition\":{\"StringEquals\":{\"AWS:SourceArn\":\"arn:aws:cloudfront::869700439563:distribution/E3FDS2HYDAUIG4\"}},\"Effect\":\"Allow\",\"Principal\":{\"Service\":\"cloudfront.amazonaws.com\"},\"Resource\":\"arn:aws:s3:::cloud-resume-challenge-content-bucket/*\",\"Sid\":\"AllowCloudFrontServicePrincipal\"}],\"Version\":\"2012-10-17\"}",
            "region": "eu-west-2",
            "replication_configuration": [],
            "request_payer": "BucketOwner",
            "server_side_encryption_configuration": [
              {
                "rule": [
                  {
                    "apply_server_side_encryption_by_default": [
                      {
                        "kms_master_key_id": "",
                        "sse_algorithm": "AES256"
                      }
                    ],
                    "bucket_key_enabled": false
                  }
                ]
              }
            ],
            "tags": {},
            "tags_all": {},
            "timeouts": null,
            "versioning": [
              {
                "enabled": false,
                "mfa_delete": false
              }
            ],
            "website": [
              {
                "error_document": "index.html",
                "index_document": "index.html",
                "redirect_all_requests_to": "",
                "routing_rules": ""
              }
            ],
            "website_domain": "s3-website.eu-west-2.amazonaws.com",
            "website_endpoint": "cloud-resume-challenge-content-bucket.s3-website.eu-west-2.amazonaws.com"
          },
          "sensitive_attributes": [],
          "identity_schema_version": 0,
          "private": "eyJlMmJmYjczMC1lY2FhLTExZTYtOGY4OC0zNDM2M2JjN2M0YzAiOnsiY3JlYXRlIjoxMjAwMDAwMDAwMDAwLCJkZWxldGUiOjM2MDAwMDAwMDAwMDAsInJlYWQiOjEyMDAwMDAwMDAwMDAsInVwZGF0ZSI6MTIwMDAwMDAwMDAwMH19"
        }
      ]
    },
    {
      "module": "module.content-s3",
      "mode": "managed",
      "type": "aws_s3_bucket_policy",
      "name": "website_bucket_policy",
      "provider": "provider[\"registry.terraform.io/hashicorp/aws\"]",
      "instances": [
        {
          "schema_version": 0,
          "attributes": {
            "bucket": "cloud-resume-challenge-content-bucket",
            "id": "cloud-resume-challenge-content-bucket",
            "policy": "{\"Statement\":[{\"Action\":\"s3:GetObject\",\"Effect\":\"Allow\",\"Principal\":\"*\",\"Resource\":\"arn:aws:s3:::cloud-resume-challenge-content-bucket/*\",\"Sid\":\"PublicReadGetObject\"}],\"Version\":\"2012-10-17\"}"
          },
          "sensitive_attributes": [],
          "identity_schema_version": 0,
          "private": "bnVsbA==",
          "dependencies": [
            "module.content-s3.aws_s3_bucket.website-bucket",
            "module.content-s3.aws_s3_bucket_public_access_block.website_bucket_pab"
          ]
        }
      ]
    },
    {
      "module": "module.content-s3",
      "mode": "managed",
      "type": "aws_s3_bucket_public_access_block",
      "name": "website_bucket_pab",
      "provider": "provider[\"registry.terraform.io/hashicorp/aws\"]",
      "instances": [
        {
          "schema_version": 0,
          "attributes": {
            "block_public_acls": false,
            "block_public_policy": false,
            "bucket": "cloud-resume-challenge-content-bucket",
            "id": "cloud-resume-challenge-content-bucket",
            "ignore_public_acls": false,
            "restrict_public_buckets": false
          },
          "sensitive_attributes": [],
          "identity_schema_version": 0,
          "private": "bnVsbA==",
          "dependencies": [
            "module.content-s3.aws_s3_bucket.website-bucket"
          ]
        }
      ]
    },
    {
      "module": "module.content-s3",
      "mode": "managed",
      "type": "aws_s3_bucket_versioning",
      "name": "website_bucket_versioning",
      "provider": "provider[\"registry.terraform.io/hashicorp/aws\"]",
      "instances": [
        {
          "schema_version": 0,
          "attributes": {
            "bucket": "cloud-resume-challenge-content-bucket",
            "expected_bucket_owner": "",
            "id": "cloud-resume-challenge-content-bucket",
            "mfa": null,
            "versioning_configuration": [
              {
                "mfa_delete": "",
                "status": "Disabled"
              }
            ]
          },
          "sensitive_attributes": [],
          "identity_schema_version": 0,
          "private": "bnVsbA==",
          "dependencies": [
            "module.content-s3.aws_s3_bucket.website-bucket"
          ]
        }
      ]
    },
    {
      "module": "module.content-s3",
      "mode": "managed",
      "type": "aws_s3_bucket_website_configuration",
      "name": "website-bucket-conf",
      "provider": "provider[\"registry.terraform.io/hashicorp/aws\"]",
      "instances": [
        {
          "schema_version": 0,
          "attributes": {
            "bucket": "cloud-resume-challenge-content-bucket",
            "error_document": [
              {
                "key": "index.html"
              }
            ],
            "expected_bucket_owner": "",
            "id": "cloud-resume-challenge-content-bucket",
            "index_document": [
              {
                "suffix": "index.html"
              }
            ],
            "redirect_all_requests_to": [],
            "routing_rule": [],
            "routing_rules": "",
            "website_domain": "s3-website.eu-west-2.amazonaws.com",
            "website_endpoint": "cloud-resume-challenge-content-bucket.s3-website.eu-west-2.amazonaws.com"
          },
          "sensitive_attributes": [],
          "identity_schema_version": 0,
          "private": "bnVsbA==",
          "dependencies": [
            "module.content-s3.aws_s3_bucket.website-bucket"
          ]
        }
      ]
    },
    {
      "module": "module.db",
      "mode": "managed",
      "type": "aws_dynamodb_table",
      "name": "metrics",
      "provider": "provider[\"registry.terraform.io/hashicorp/aws\"]",
      "instances": [
        {
          "schema_version": 1,
          "attributes": {
            "arn": "arn:aws:dynamodb:eu-west-2:869700439563:table/metrics",
            "attribute": [
              {
                "name": "hits",
                "type": "N"
              }
            ],
            "billing_mode": "PROVISIONED",
            "deletion_protection_enabled": false,
            "global_secondary_index": [],
            "hash_key": "hits",
            "id": "metrics",
            "import_table": [],
            "local_secondary_index": [],
            "name": "metrics",
            "on_demand_throughput": [],
            "point_in_time_recovery": [
              {
                "enabled": true,
                "recovery_period_in_days": 35
              }
            ],
            "range_key": null,
            "read_capacity": 5,
            "replica": [],
            "restore_date_time": null,
            "restore_source_name": null,
            "restore_source_table_arn": null,
            "restore_to_latest_time": null,
            "server_side_encryption": [
              {
                "enabled": true,
                "kms_key_arn": ""
              }
            ],
            "stream_arn": "",
            "stream_enabled": false,
            "stream_label": "",
            "stream_view_type": "",
            "table_class": "STANDARD",
            "tags": {
              "Name": "metrics-table"
            },
            "tags_all": {
              "Name": "metrics-table"
            },
            "timeouts": null,
            "ttl": [
              {
                "attribute_name": "ttl",
                "enabled": true
              }
            ],
            "write_capacity": 5
          },
          "sensitive_attributes": [],
          "identity_schema_version": 0,
          "private": "eyJlMmJmYjczMC1lY2FhLTExZTYtOGY4OC0zNDM2M2JjN2M0YzAiOnsiY3JlYXRlIjoxODAwMDAwMDAwMDAwLCJkZWxldGUiOjYwMDAwMDAwMDAwMCwidXBkYXRlIjozNjAwMDAwMDAwMDAwfSwic2NoZW1hX3ZlcnNpb24iOiIxIn0="
        }
      ]
    },
    {
      "module": "module.lambda",
      "mode": "data",
      "type": "aws_region",
      "name": "current",
      "provider": "provider[\"registry.terraform.io/hashicorp/aws\"]",
      "instances": [
        {
          "schema_version": 0,
          "attributes": {
            "description": "Europe (London)",
            "endpoint": "ec2.eu-west-2.amazonaws.com",
            "id": "eu-west-2",
            "name": "eu-west-2"
          },
          "sensitive_attributes": [],
          "identity_schema_version": 0
        }
      ]
    },
    {
      "module": "module.lambda",
      "mode": "managed",
      "type": "aws_cloudwatch_log_group",
      "name": "lambda_log_group",
      "provider": "provider[\"registry.terraform.io/hashicorp/aws\"]",
      "instances": [
        {
          "schema_version": 0,
          "attributes": {
            "arn": "arn:aws:logs:eu-west-2:869700439563:log-group:/aws/lambda/resume-metrics-python-lambda",
            "id": "/aws/lambda/resume-metrics-python-lambda",
            "kms_key_id": "",
            "log_group_class": "STANDARD",
            "name": "/aws/lambda/resume-metrics-python-lambda",
            "name_prefix": "",
            "retention_in_days": 14,
            "skip_destroy": false,
            "tags": {},
            "tags_all": {}
          },
          "sensitive_attributes": [],
          "identity_schema_version": 0,
          "private": "bnVsbA=="
        }
      ]
    },
    {
      "module": "module.lambda",
      "mode": "managed",
      "type": "aws_iam_policy",
      "name": "counter-db-policy",
      "provider": "provider[\"registry.terraform.io/hashicorp/aws\"]",
      "instances": [
        {
          "schema_version": 0,
          "attributes": {
            "arn": "arn:aws:iam::869700439563:policy/counter-lambda-dynamodb-policy",
            "attachment_count": 1,
            "description": "Policy for Lambda to access DynamoDB",
            "id": "arn:aws:iam::869700439563:policy/counter-lambda-dynamodb-policy",
            "name": "counter-lambda-dynamodb-policy",
            "name_prefix": "",
            "path": "/",
            "policy": "{\"Statement\":[{\"Action\":[\"dynamodb:GetItem\",\"dynamodb:PutItem\",\"dynamodb:UpdateItem\",\"dynamodb:DeleteItem\",\"dynamodb:Scan\",\"dynamodb:Query\"],\"Effect\":\"Allow\",\"Resource\":[\"arn:aws:dynamodb:eu-west-2:*:table/metrics\",\"arn:aws:dynamodb:eu-west-2:*:table/metrics/index/*\"]}],\"Version\":\"2012-10-17\"}",
            "policy_id": "ANPA4U7RPRYFRKOWDS724",
            "tags": {},
            "tags_all": {}
          },
          "sensitive_attributes": [],
          "identity_schema_version": 0,
          "private": "bnVsbA==",
          "dependencies": [
            "module.db.aws_dynamodb_table.metrics",
            "module.lambda.data.aws_region.current"
          ]
        }
      ]
    },
    {
      "module": "module.lambda",
      "mode": "managed",
      "type": "aws_iam_role",
      "name": "counter-lambda-role",
      "provider": "provider[\"registry.terraform.io/hashicorp/aws\"]",
      "instances": [
        {
          "schema_version": 0,
          "attributes": {
            "arn": "arn:aws:iam::869700439563:role/counter_lambda_execution_role",
            "assume_role_policy": "{\"Statement\":[{\"Action\":\"sts:AssumeRole\",\"Effect\":\"Allow\",\"Principal\":{\"Service\":\"lambda.amazonaws.com\"}}],\"Version\":\"2012-10-17\"}",
            "create_date": "2025-08-05T11:06:04Z",
            "description": "",
            "force_detach_policies": false,
            "id": "counter_lambda_execution_role",
            "inline_policy": [],
            "managed_policy_arns": [
              "arn:aws:iam::869700439563:policy/counter-lambda-dynamodb-policy",
              "arn:aws:iam::aws:policy/service-role/AWSLambdaBasicExecutionRole"
            ],
            "max_session_duration": 3600,
            "name": "counter_lambda_execution_role",
            "name_prefix": "",
            "path": "/",
            "permissions_boundary": "",
            "tags": {},
            "tags_all": {},
            "unique_id": "AROA4U7RPRYFTNAZHWVZQ"
          },
          "sensitive_attributes": [],
          "identity_schema_version": 0,
          "private": "bnVsbA==",
          "create_before_destroy": true
        }
      ]
    },
    {
      "module": "module.lambda",
      "mode": "managed",
      "type": "aws_iam_role_policy_attachment",
      "name": "lambda_dynamodb_policy",
      "provider": "provider[\"registry.terraform.io/hashicorp/aws\"]",
      "instances": [
        {
          "schema_version": 0,
          "attributes": {
            "id": "counter_lambda_execution_role-20250805110613601600000003",
            "policy_arn": "arn:aws:iam::869700439563:policy/counter-lambda-dynamodb-policy",
            "role": "counter_lambda_execution_role"
          },
          "sensitive_attributes": [],
          "identity_schema_version": 0,
          "private": "bnVsbA==",
          "dependencies": [
            "module.db.aws_dynamodb_table.metrics",
            "module.lambda.aws_iam_policy.counter-db-policy",
            "module.lambda.aws_iam_role.counter-lambda-role",
            "module.lambda.data.aws_region.current"
          ]
        }
      ]
    },
    {
      "module": "module.lambda",
      "mode": "managed",
      "type": "aws_iam_role_policy_attachment",
      "name": "lambda_logs",
      "provider": "provider[\"registry.terraform.io/hashicorp/aws\"]",
      "instances": [
        {
          "schema_version": 0,
          "attributes": {
            "id": "counter_lambda_execution_role-20250805110605602200000002",
            "policy_arn": "arn:aws:iam::aws:policy/service-role/AWSLambdaBasicExecutionRole",
            "role": "counter_lambda_execution_role"
          },
          "sensitive_attributes": [],
          "identity_schema_version": 0,
          "private": "bnVsbA==",
          "dependencies": [
            "module.lambda.aws_iam_role.counter-lambda-role"
          ]
        }
      ]
    },
    {
      "module": "module.lambda",
      "mode": "managed",
      "type": "aws_lambda_function",
      "name": "resume-counter-lambda",
      "provider": "provider[\"registry.terraform.io/hashicorp/aws\"]",
      "instances": [
        {
          "schema_version": 0,
          "attributes": {
            "architectures": [
              "x86_64"
            ],
            "arn": "arn:aws:lambda:eu-west-2:869700439563:function:resume-metrics-python-lambda-peter-greaves",
            "code_sha256": "zgeTaid8UahMZxIcCbyTCaJ4mTAZwfsnc1NGNiBCBrc=",
            "code_signing_config_arn": "",
            "dead_letter_config": [],
            "description": "function that increments and returns the number of resume hits (from TF)",
            "environment": [],
            "ephemeral_storage": [
              {
                "size": 512
              }
            ],
            "file_system_config": [],
            "filename": "~/tmp/counter-lambda.zip",
            "function_name": "resume-metrics-python-lambda-peter-greaves",
            "handler": "counter_function.counter_handler",
            "id": "resume-metrics-python-lambda-peter-greaves",
            "image_config": [],
            "image_uri": "",
            "invoke_arn": "arn:aws:apigateway:eu-west-2:lambda:path/2015-03-31/functions/arn:aws:lambda:eu-west-2:869700439563:function:resume-metrics-python-lambda-peter-greaves/invocations",
            "kms_key_arn": "",
            "last_modified": "2025-08-05T13:23:51.000+0000",
            "layers": [],
            "logging_config": [
              {
                "application_log_level": "",
                "log_format": "Text",
                "log_group": "/aws/lambda/resume-metrics-python-lambda-peter-greaves",
                "system_log_level": ""
              }
            ],
            "memory_size": 128,
            "package_type": "Zip",
            "publish": false,
            "qualified_arn": "arn:aws:lambda:eu-west-2:869700439563:function:resume-metrics-python-lambda-peter-greaves:$LATEST",
            "qualified_invoke_arn": "arn:aws:apigateway:eu-west-2:lambda:path/2015-03-31/functions/arn:aws:lambda:eu-west-2:869700439563:function:resume-metrics-python-lambda-peter-greaves:$LATEST/invocations",
            "replace_security_groups_on_destroy": null,
            "replacement_security_group_ids": null,
            "reserved_concurrent_executions": -1,
            "role": "arn:aws:iam::869700439563:role/counter_lambda_execution_role",
            "runtime": "python3.10",
            "s3_bucket": null,
            "s3_key": null,
            "s3_object_version": null,
            "signing_job_arn": "",
            "signing_profile_version_arn": "",
            "skip_destroy": false,
            "snap_start": [],
            "source_code_hash": "UEsDBBQAAAAIAFxdBVsS35+KnAQAAO4OAAATABwAY291bnRlcl9mdW5jdGlvbi5weVVUCQADMOCRaDfgkWh1eAsAAQT1AQAABBQAAADNV91P40YQf89fMYIHO2qSo9f2JVIeKEcB9e5AR+gLQsixJ8leba+7uwZSlP+9M7tefwWqoLtK9Uvs2fne33xEZIVUBr5qmQ+Ee19II38aLJXM7GssFU7wKcbCCJlrqLhOUoG5OVVKKi8otZNKIoNGZOhZ/fdgcAgXuTAiSsXfCB82eZTJD7+CQi1LFeMgsZRkATPnxMSfhIE/CoYDEy1SJBZPmsyZEAYZGiViTRyDQYJLiGWZG1T36yhPUlQhPpDDIyIT9ckMpwOg5+DgwP5+jLJFEkHFC8syjzlcMOuIAsCMIjeK4tCN27JAonBOrIZHBJmnG9BlYaM+O52DkRQceUWmSRM6l0AuIUpTEAYzDaFUcDQcWRVkHK5u5iN4XIt4DVGSaIggx0fLa49JXanoFlhbWXBmE6d1UodjX4zaTN0bP4dwhgbO5/MroCytZQJjiNcY/wlZmRpRUD4LqbXgxKYybkXFz9qY4r6Sm8FnmWNb8/HVBZyRH4/RBr6cXs8tYSlVFpmaSywhYC2frJIARA72NqY1x64dy3DbFrt7xaqNq7EK4cP7ydGwZsaUzSv8q0RtTtztNy7YrForDe22z323h6N9Eed6cDdZobHg5BCGrRAqyP3moXbz5WM/b/9X149TKqycYPLQ4IV9By257EnNSvVAtG8ofYh8x4BqGLVx2ZGfQUBlG3QtUBMqKBJuOZSPc2F02ANXXwfV8Os6XNXuo+byan5x+fl6RxV3AHbl0nXkjhqNL3I/d4j8BNpEptQnMsFgCj8fHY12WRYy2dAhD4dJUmaFDnf1WEbkMUCcy+Amr/of9aVWPFN4bn1tg11jzicve980V1J7G1C0wQiCorQ/0gXeagj+2Q47pG399WIeujl4389BsMYoQcUevJC/4zhGrceMMSXT8XGaysfxeS0RWPDlZjzfFPhCvC/LXyqxEjmLc7r09N07Qk6Z4aRAqrjxSmH0gHqSczr2VOlQb12qADXiGcM43/bi3ee+gzUhl5g8orv5HtGsXEY0U2Y0Lpu72LqSc1sEnPplAiINLbwWijpHuDywSwXlnFSEONweDN9yi7/s3OJeUXkEO5vdoDpx2NWiXXzO/x3P/gVbr+LqWzD1nfH0Ziy1ctTLlGt1nTQR9YSXltDvau2m2F3MaHtarWgji3gz4tEi6w1sZKcGbUK510vvVqizGXUXo0M2DnGpFI8dAnO1lD1EaYmVj3WvtqsmT8F7XsDC33Eze673zGlVCwT6KyW/op3ip08FyWt6m/HpvVVezc7KqI2clHs7t8EFKbdDqha4886KPFaYsavk6WJDKyaOgActWgplgyg8x5ZCafq2azaLEqljT2i7uTXVRmul9+RHV52d4dE67uj5gbibDdNzu0S5tLtcddD0WuI6TDdWup3Aa1qh65yQI1PvVA+sjcyxIROL0uAffJ2ajDYy0zqmZizstBbP0u5Xrb86vY6lIkE4qfuZ711Ac8qIfMXOU43jpLlqe853/YkcjlYY3HF/q2ulqopuCfDu3vx7sH+xfAn0SqV1I/8Zit+M5F6G27LflmWKyGbZGtorz/8AUEsBAh4DFAAAAAgAXF0FWxLfn4qcBAAA7g4AABMAGAAAAAAAAQAAAKSBAAAAAGNvdW50ZXJfZnVuY3Rpb24ucHlVVAUAAzDgkWh1eAsAAQT1AQAABBQAAABQSwUGAAAAAAEAAQBZAAAA6QQAAAAA",
            "source_code_size": 1368,
            "tags": {},
            "tags_all": {},
            "timeout": 3,
            "timeouts": null,
            "tracing_config": [
              {
                "mode": "PassThrough"
              }
            ],
            "version": "$LATEST",
            "vpc_config": []
          },
          "sensitive_attributes": [],
          "identity_schema_version": 0,
          "private": "eyJlMmJmYjczMC1lY2FhLTExZTYtOGY4OC0zNDM2M2JjN2M0YzAiOnsiY3JlYXRlIjo2MDAwMDAwMDAwMDAsImRlbGV0ZSI6NjAwMDAwMDAwMDAwLCJ1cGRhdGUiOjYwMDAwMDAwMDAwMH19",
          "dependencies": [
            "module.lambda.aws_iam_role.counter-lambda-role"
          ],
          "create_before_destroy": true
        }
      ]
    }
  ],
  "check_results": null
}
