{
  "version": 4,
  "terraform_version": "1.12.2",
  "serial": 704,
  "lineage": "97b31961-3fd2-5460-6b4c-50e1e55c9e7a",
  "outputs": {
    "api-gw-arn": {
      "value": "arn:aws:apigateway:eu-west-2::/restapis/ledhsf5tzl",
      "type": "string"
    },
    "api-gw-exec-arn": {
      "value": "arn:aws:execute-api:eu-west-2:869700439563:ledhsf5tzl",
      "type": "string"
    },
    "api-gw-url": {
      "value": "https://ledhsf5tzl.execute-api.eu-west-2.amazonaws.com/prod/api/counter",
      "type": "string"
    },
    "cloudfront_api_domain_name": {
      "value": "dwelwo834d0h2.cloudfront.net",
      "type": "string"
    },
    "counter-lambda-name": {
      "value": "UD02I0P7B3DV-resume-metrics-lambda",
      "type": "string"
    },
    "dynamodb_table_arn": {
      "value": "arn:aws:dynamodb:eu-west-2:869700439563:table/metrics",
      "type": "string"
    },
    "dynamodb_table_id": {
      "value": "metrics",
      "type": "string"
    },
    "dynamodb_table_name": {
      "value": "metrics",
      "type": "string"
    }
  },
  "resources": [
    {
      "module": "module.api-gw",
      "mode": "data",
      "type": "aws_caller_identity",
      "name": "current",
      "provider": "provider[\"registry.terraform.io/hashicorp/aws\"]",
      "instances": [
        {
          "schema_version": 0,
          "attributes": {
            "account_id": "869700439563",
            "arn": "arn:aws:sts::869700439563:assumed-role/AWSReservedSSO_PowerUserAccess_31f0be65ddc4603a/my-sso-user",
            "id": "869700439563",
            "user_id": "AROA4U7RPRYFU7KPNWSKF:my-sso-user"
          },
          "sensitive_attributes": [],
          "identity_schema_version": 0
        }
      ]
    },
    {
      "module": "module.api-gw",
      "mode": "data",
      "type": "aws_region",
      "name": "current",
      "provider": "provider[\"registry.terraform.io/hashicorp/aws\"]",
      "instances": [
        {
          "schema_version": 0,
          "attributes": {
            "description": "Europe (London)",
            "endpoint": "ec2.eu-west-2.amazonaws.com",
            "id": "eu-west-2",
            "name": "eu-west-2"
          },
          "sensitive_attributes": [],
          "identity_schema_version": 0
        }
      ]
    },
    {
      "module": "module.api-gw",
      "mode": "managed",
      "type": "aws_api_gateway_deployment",
      "name": "counter_api_deployment",
      "provider": "provider[\"registry.terraform.io/hashicorp/aws\"]",
      "instances": [
        {
          "schema_version": 0,
          "attributes": {
            "canary_settings": [],
            "created_date": "2025-08-26T12:27:14Z",
            "description": "",
            "execution_arn": "arn:aws:execute-api:eu-west-2:869700439563:ledhsf5tzl/",
            "id": "hlwhn8",
            "invoke_url": "https://ledhsf5tzl.execute-api.eu-west-2.amazonaws.com/",
            "rest_api_id": "ledhsf5tzl",
            "stage_description": null,
            "stage_name": null,
            "triggers": {
              "redeployment": "2be88ca4242c76e8253ac62474851065032d6833"
            },
            "variables": null
          },
          "sensitive_attributes": [],
          "identity_schema_version": 0,
          "private": "bnVsbA==",
          "dependencies": [
            "module.api-gw.aws_api_gateway_rest_api.counter_api"
          ],
          "create_before_destroy": true
        }
      ]
    },
    {
      "module": "module.api-gw",
      "mode": "managed",
      "type": "aws_api_gateway_integration",
      "name": "counter_get_integration",
      "provider": "provider[\"registry.terraform.io/hashicorp/aws\"]",
      "instances": [
        {
          "schema_version": 0,
          "attributes": {
            "cache_key_parameters": [],
            "cache_namespace": "fae72f",
            "connection_id": "",
            "connection_type": "INTERNET",
            "content_handling": "",
            "credentials": "",
            "http_method": "GET",
            "id": "agi-ledhsf5tzl-fae72f-GET",
            "integration_http_method": "POST",
            "passthrough_behavior": "WHEN_NO_TEMPLATES",
            "request_parameters": {},
            "request_templates": {},
            "resource_id": "fae72f",
            "rest_api_id": "ledhsf5tzl",
            "timeout_milliseconds": 29000,
            "tls_config": [],
            "type": "AWS_PROXY",
            "uri": "arn:aws:apigateway:eu-west-2:lambda:path/2015-03-31/functions/arn:aws:lambda:eu-west-2:869700439563:function:UD02I0P7B3DV-resume-metrics-lambda/invocations"
          },
          "sensitive_attributes": [],
          "identity_schema_version": 0,
          "private": "bnVsbA==",
          "dependencies": [
            "module.api-gw.aws_api_gateway_method.counter_get",
            "module.api-gw.aws_api_gateway_resource.api_resource",
            "module.api-gw.aws_api_gateway_resource.counter_resource",
            "module.api-gw.aws_api_gateway_rest_api.counter_api",
            "module.lambda.aws_iam_role.counter-lambda-role",
            "module.lambda.aws_lambda_function.counter-lambda",
            "module.lambda.data.archive_file.lambda_zip",
            "module.lambda.random_string.random"
          ]
        }
      ]
    },
    {
      "module": "module.api-gw",
      "mode": "managed",
      "type": "aws_api_gateway_integration",
      "name": "counter_options_integration",
      "provider": "provider[\"registry.terraform.io/hashicorp/aws\"]",
      "instances": [
        {
          "schema_version": 0,
          "attributes": {
            "cache_key_parameters": [],
            "cache_namespace": "fae72f",
            "connection_id": "",
            "connection_type": "INTERNET",
            "content_handling": "",
            "credentials": "",
            "http_method": "OPTIONS",
            "id": "agi-ledhsf5tzl-fae72f-OPTIONS",
            "integration_http_method": "POST",
            "passthrough_behavior": "WHEN_NO_TEMPLATES",
            "request_parameters": {},
            "request_templates": {},
            "resource_id": "fae72f",
            "rest_api_id": "ledhsf5tzl",
            "timeout_milliseconds": 29000,
            "tls_config": [],
            "type": "AWS_PROXY",
            "uri": "arn:aws:apigateway:eu-west-2:lambda:path/2015-03-31/functions/arn:aws:lambda:eu-west-2:869700439563:function:UD02I0P7B3DV-resume-metrics-lambda/invocations"
          },
          "sensitive_attributes": [],
          "identity_schema_version": 0,
          "private": "bnVsbA==",
          "dependencies": [
            "module.api-gw.aws_api_gateway_method.counter_options",
            "module.api-gw.aws_api_gateway_resource.api_resource",
            "module.api-gw.aws_api_gateway_resource.counter_resource",
            "module.api-gw.aws_api_gateway_rest_api.counter_api",
            "module.lambda.aws_iam_role.counter-lambda-role",
            "module.lambda.aws_lambda_function.counter-lambda",
            "module.lambda.data.archive_file.lambda_zip",
            "module.lambda.random_string.random"
          ]
        }
      ]
    },
    {
      "module": "module.api-gw",
      "mode": "managed",
      "type": "aws_api_gateway_integration",
      "name": "counter_put_integration",
      "provider": "provider[\"registry.terraform.io/hashicorp/aws\"]",
      "instances": [
        {
          "schema_version": 0,
          "attributes": {
            "cache_key_parameters": [],
            "cache_namespace": "fae72f",
            "connection_id": "",
            "connection_type": "INTERNET",
            "content_handling": "",
            "credentials": "",
            "http_method": "PUT",
            "id": "agi-ledhsf5tzl-fae72f-PUT",
            "integration_http_method": "POST",
            "passthrough_behavior": "WHEN_NO_TEMPLATES",
            "request_parameters": {
              "integration.request.header.CloudFront-Viewer-Country": "method.request.header.CloudFront-Viewer-Country"
            },
            "request_templates": {},
            "resource_id": "fae72f",
            "rest_api_id": "ledhsf5tzl",
            "timeout_milliseconds": 29000,
            "tls_config": [],
            "type": "AWS_PROXY",
            "uri": "arn:aws:apigateway:eu-west-2:lambda:path/2015-03-31/functions/arn:aws:lambda:eu-west-2:869700439563:function:UD02I0P7B3DV-resume-metrics-lambda/invocations"
          },
          "sensitive_attributes": [],
          "identity_schema_version": 0,
          "private": "bnVsbA==",
          "dependencies": [
            "module.api-gw.aws_api_gateway_method.counter_put",
            "module.api-gw.aws_api_gateway_resource.api_resource",
            "module.api-gw.aws_api_gateway_resource.counter_resource",
            "module.api-gw.aws_api_gateway_rest_api.counter_api",
            "module.lambda.aws_iam_role.counter-lambda-role",
            "module.lambda.aws_lambda_function.counter-lambda",
            "module.lambda.data.archive_file.lambda_zip",
            "module.lambda.random_string.random"
          ]
        }
      ]
    },
    {
      "module": "module.api-gw",
      "mode": "managed",
      "type": "aws_api_gateway_method",
      "name": "counter_get",
      "provider": "provider[\"registry.terraform.io/hashicorp/aws\"]",
      "instances": [
        {
          "schema_version": 0,
          "attributes": {
            "api_key_required": false,
            "authorization": "NONE",
            "authorization_scopes": [],
            "authorizer_id": "",
            "http_method": "GET",
            "id": "agm-ledhsf5tzl-fae72f-GET",
            "operation_name": "",
            "request_models": {},
            "request_parameters": {},
            "request_validator_id": "",
            "resource_id": "fae72f",
            "rest_api_id": "ledhsf5tzl"
          },
          "sensitive_attributes": [],
          "identity_schema_version": 0,
          "private": "bnVsbA==",
          "dependencies": [
            "module.api-gw.aws_api_gateway_resource.api_resource",
            "module.api-gw.aws_api_gateway_resource.counter_resource",
            "module.api-gw.aws_api_gateway_rest_api.counter_api"
          ]
        }
      ]
    },
    {
      "module": "module.api-gw",
      "mode": "managed",
      "type": "aws_api_gateway_method",
      "name": "counter_options",
      "provider": "provider[\"registry.terraform.io/hashicorp/aws\"]",
      "instances": [
        {
          "schema_version": 0,
          "attributes": {
            "api_key_required": false,
            "authorization": "NONE",
            "authorization_scopes": [],
            "authorizer_id": "",
            "http_method": "OPTIONS",
            "id": "agm-ledhsf5tzl-fae72f-OPTIONS",
            "operation_name": "",
            "request_models": {},
            "request_parameters": {},
            "request_validator_id": "",
            "resource_id": "fae72f",
            "rest_api_id": "ledhsf5tzl"
          },
          "sensitive_attributes": [],
          "identity_schema_version": 0,
          "private": "bnVsbA==",
          "dependencies": [
            "module.api-gw.aws_api_gateway_resource.api_resource",
            "module.api-gw.aws_api_gateway_resource.counter_resource",
            "module.api-gw.aws_api_gateway_rest_api.counter_api"
          ]
        }
      ]
    },
    {
      "module": "module.api-gw",
      "mode": "managed",
      "type": "aws_api_gateway_method",
      "name": "counter_put",
      "provider": "provider[\"registry.terraform.io/hashicorp/aws\"]",
      "instances": [
        {
          "schema_version": 0,
          "attributes": {
            "api_key_required": false,
            "authorization": "NONE",
            "authorization_scopes": [],
            "authorizer_id": "",
            "http_method": "PUT",
            "id": "agm-ledhsf5tzl-fae72f-PUT",
            "operation_name": "",
            "request_models": {},
            "request_parameters": {
              "method.request.header.CloudFront-Viewer-Country": false
            },
            "request_validator_id": "",
            "resource_id": "fae72f",
            "rest_api_id": "ledhsf5tzl"
          },
          "sensitive_attributes": [],
          "identity_schema_version": 0,
          "private": "bnVsbA==",
          "dependencies": [
            "module.api-gw.aws_api_gateway_resource.api_resource",
            "module.api-gw.aws_api_gateway_resource.counter_resource",
            "module.api-gw.aws_api_gateway_rest_api.counter_api"
          ]
        }
      ]
    },
    {
      "module": "module.api-gw",
      "mode": "managed",
      "type": "aws_api_gateway_method_response",
      "name": "counter_get_response",
      "provider": "provider[\"registry.terraform.io/hashicorp/aws\"]",
      "instances": [
        {
          "schema_version": 0,
          "attributes": {
            "http_method": "GET",
            "id": "agmr-ledhsf5tzl-fae72f-GET-200",
            "resource_id": "fae72f",
            "response_models": {},
            "response_parameters": {
              "method.response.header.Access-Control-Allow-Origin": true
            },
            "rest_api_id": "ledhsf5tzl",
            "status_code": "200"
          },
          "sensitive_attributes": [],
          "identity_schema_version": 0,
          "private": "bnVsbA==",
          "dependencies": [
            "module.api-gw.aws_api_gateway_method.counter_get",
            "module.api-gw.aws_api_gateway_resource.api_resource",
            "module.api-gw.aws_api_gateway_resource.counter_resource",
            "module.api-gw.aws_api_gateway_rest_api.counter_api"
          ]
        }
      ]
    },
    {
      "module": "module.api-gw",
      "mode": "managed",
      "type": "aws_api_gateway_method_response",
      "name": "counter_options_response",
      "provider": "provider[\"registry.terraform.io/hashicorp/aws\"]",
      "instances": [
        {
          "schema_version": 0,
          "attributes": {
            "http_method": "OPTIONS",
            "id": "agmr-ledhsf5tzl-fae72f-OPTIONS-200",
            "resource_id": "fae72f",
            "response_models": {},
            "response_parameters": {
              "method.response.header.Access-Control-Allow-Headers": true,
              "method.response.header.Access-Control-Allow-Methods": true,
              "method.response.header.Access-Control-Allow-Origin": true
            },
            "rest_api_id": "ledhsf5tzl",
            "status_code": "200"
          },
          "sensitive_attributes": [],
          "identity_schema_version": 0,
          "private": "bnVsbA==",
          "dependencies": [
            "module.api-gw.aws_api_gateway_method.counter_options",
            "module.api-gw.aws_api_gateway_resource.api_resource",
            "module.api-gw.aws_api_gateway_resource.counter_resource",
            "module.api-gw.aws_api_gateway_rest_api.counter_api"
          ]
        }
      ]
    },
    {
      "module": "module.api-gw",
      "mode": "managed",
      "type": "aws_api_gateway_method_response",
      "name": "counter_put_response",
      "provider": "provider[\"registry.terraform.io/hashicorp/aws\"]",
      "instances": [
        {
          "schema_version": 0,
          "attributes": {
            "http_method": "PUT",
            "id": "agmr-ledhsf5tzl-fae72f-PUT-200",
            "resource_id": "fae72f",
            "response_models": {},
            "response_parameters": {
              "method.response.header.Access-Control-Allow-Origin": true
            },
            "rest_api_id": "ledhsf5tzl",
            "status_code": "200"
          },
          "sensitive_attributes": [],
          "identity_schema_version": 0,
          "private": "bnVsbA==",
          "dependencies": [
            "module.api-gw.aws_api_gateway_method.counter_put",
            "module.api-gw.aws_api_gateway_resource.api_resource",
            "module.api-gw.aws_api_gateway_resource.counter_resource",
            "module.api-gw.aws_api_gateway_rest_api.counter_api"
          ]
        }
      ]
    },
    {
      "module": "module.api-gw",
      "mode": "managed",
      "type": "aws_api_gateway_resource",
      "name": "api_resource",
      "provider": "provider[\"registry.terraform.io/hashicorp/aws\"]",
      "instances": [
        {
          "schema_version": 0,
          "attributes": {
            "id": "4u0rhb",
            "parent_id": "34047zsnd4",
            "path": "/api",
            "path_part": "api",
            "rest_api_id": "ledhsf5tzl"
          },
          "sensitive_attributes": [],
          "identity_schema_version": 0,
          "private": "bnVsbA==",
          "dependencies": [
            "module.api-gw.aws_api_gateway_rest_api.counter_api"
          ]
        }
      ]
    },
    {
      "module": "module.api-gw",
      "mode": "managed",
      "type": "aws_api_gateway_resource",
      "name": "counter_resource",
      "provider": "provider[\"registry.terraform.io/hashicorp/aws\"]",
      "instances": [
        {
          "schema_version": 0,
          "attributes": {
            "id": "fae72f",
            "parent_id": "4u0rhb",
            "path": "/api/counter",
            "path_part": "counter",
            "rest_api_id": "ledhsf5tzl"
          },
          "sensitive_attributes": [],
          "identity_schema_version": 0,
          "private": "bnVsbA==",
          "dependencies": [
            "module.api-gw.aws_api_gateway_resource.api_resource",
            "module.api-gw.aws_api_gateway_rest_api.counter_api"
          ]
        }
      ]
    },
    {
      "module": "module.api-gw",
      "mode": "managed",
      "type": "aws_api_gateway_rest_api",
      "name": "counter_api",
      "provider": "provider[\"registry.terraform.io/hashicorp/aws\"]",
      "instances": [
        {
          "schema_version": 0,
          "attributes": {
            "api_key_source": "HEADER",
            "arn": "arn:aws:apigateway:eu-west-2::/restapis/ledhsf5tzl",
            "binary_media_types": [],
            "body": null,
            "created_date": "2025-08-26T12:17:21Z",
            "description": "API Gateway for counter application",
            "disable_execute_api_endpoint": false,
            "endpoint_configuration": [
              {
                "ip_address_type": "ipv4",
                "types": [
                  "REGIONAL"
                ],
                "vpc_endpoint_ids": []
              }
            ],
            "execution_arn": "arn:aws:execute-api:eu-west-2:869700439563:ledhsf5tzl",
            "fail_on_warnings": null,
            "id": "ledhsf5tzl",
            "minimum_compression_size": "",
            "name": "counter-api",
            "parameters": null,
            "policy": "",
            "put_rest_api_mode": null,
            "root_resource_id": "34047zsnd4",
            "tags": {},
            "tags_all": {}
          },
          "sensitive_attributes": [],
          "identity_schema_version": 0,
          "private": "bnVsbA==",
          "create_before_destroy": true
        }
      ]
    },
    {
      "module": "module.api-gw",
      "mode": "managed",
      "type": "aws_api_gateway_stage",
      "name": "prod",
      "provider": "provider[\"registry.terraform.io/hashicorp/aws\"]",
      "instances": [
        {
          "schema_version": 0,
          "attributes": {
            "access_log_settings": [],
            "arn": "arn:aws:apigateway:eu-west-2::/restapis/ledhsf5tzl/stages/prod",
            "cache_cluster_enabled": false,
            "cache_cluster_size": "",
            "canary_settings": [],
            "client_certificate_id": "",
            "deployment_id": "hlwhn8",
            "description": "",
            "documentation_version": "",
            "execution_arn": "arn:aws:execute-api:eu-west-2:869700439563:ledhsf5tzl/prod",
            "id": "ags-ledhsf5tzl-prod",
            "invoke_url": "https://ledhsf5tzl.execute-api.eu-west-2.amazonaws.com/prod",
            "rest_api_id": "ledhsf5tzl",
            "stage_name": "prod",
            "tags": {},
            "tags_all": {},
            "variables": {},
            "web_acl_arn": "",
            "xray_tracing_enabled": false
          },
          "sensitive_attributes": [],
          "identity_schema_version": 0,
          "private": "bnVsbA==",
          "dependencies": [
            "module.api-gw.aws_api_gateway_deployment.counter_api_deployment",
            "module.api-gw.aws_api_gateway_rest_api.counter_api"
          ]
        }
      ]
    },
    {
      "module": "module.cloud-front-api",
      "mode": "managed",
      "type": "aws_cloudfront_cache_policy",
      "name": "geo-cache-policy",
      "provider": "provider[\"registry.terraform.io/hashicorp/aws\"]",
      "instances": [
        {
          "schema_version": 0,
          "attributes": {
            "arn": "arn:aws:cloudfront::869700439563:cache-policy/be4e2181-1231-4e40-88b9-b97564aa2e6d",
            "comment": "",
            "default_ttl": 50,
            "etag": "E23ZP02F085DFQ",
            "id": "be4e2181-1231-4e40-88b9-b97564aa2e6d",
            "max_ttl": 100,
            "min_ttl": 1,
            "name": "geo-forwarding-policy",
            "parameters_in_cache_key_and_forwarded_to_origin": [
              {
                "cookies_config": [
                  {
                    "cookie_behavior": "none",
                    "cookies": []
                  }
                ],
                "enable_accept_encoding_brotli": false,
                "enable_accept_encoding_gzip": false,
                "headers_config": [
                  {
                    "header_behavior": "whitelist",
                    "headers": [
                      {
                        "items": [
                          "cloudfront-viewer-country"
                        ]
                      }
                    ]
                  }
                ],
                "query_strings_config": [
                  {
                    "query_string_behavior": "all",
                    "query_strings": []
                  }
                ]
              }
            ]
          },
          "sensitive_attributes": [],
          "identity_schema_version": 0,
          "private": "bnVsbA=="
        }
      ]
    },
    {
      "module": "module.cloud-front-api",
      "mode": "managed",
      "type": "aws_cloudfront_distribution",
      "name": "resume_api_gateway_cf",
      "provider": "provider[\"registry.terraform.io/hashicorp/aws\"]",
      "instances": [
        {
          "schema_version": 1,
          "attributes": {
            "aliases": [],
            "arn": "arn:aws:cloudfront::869700439563:distribution/E20GGHNJAALRYJ",
            "caller_reference": "terraform-20250829112422781600000001",
            "comment": "CloudFront distribution for the counter API",
            "continuous_deployment_policy_id": "",
            "custom_error_response": [],
            "default_cache_behavior": [
              {
                "allowed_methods": [
                  "DELETE",
                  "GET",
                  "HEAD",
                  "OPTIONS",
                  "PATCH",
                  "POST",
                  "PUT"
                ],
                "cache_policy_id": "be4e2181-1231-4e40-88b9-b97564aa2e6d",
                "cached_methods": [
                  "GET",
                  "HEAD"
                ],
                "compress": false,
                "default_ttl": 0,
                "field_level_encryption_id": "",
                "forwarded_values": [],
                "function_association": [],
                "grpc_config": [
                  {
                    "enabled": false
                  }
                ],
                "lambda_function_association": [],
                "max_ttl": 0,
                "min_ttl": 0,
                "origin_request_policy_id": "",
                "realtime_log_config_arn": "",
                "response_headers_policy_id": "",
                "smooth_streaming": false,
                "target_origin_id": "apigateway-ledhsf5tzl",
                "trusted_key_groups": [],
                "trusted_signers": [],
                "viewer_protocol_policy": "redirect-to-https"
              }
            ],
            "default_root_object": "",
            "domain_name": "dwelwo834d0h2.cloudfront.net",
            "enabled": true,
            "etag": "E35B3MB4WSK9LF",
            "hosted_zone_id": "Z2FDTNDATAQYW2",
            "http_version": "http2",
            "id": "E20GGHNJAALRYJ",
            "in_progress_validation_batches": 0,
            "is_ipv6_enabled": true,
            "last_modified_time": "2025-08-29 12:23:56.635 +0000 UTC",
            "logging_config": [],
            "ordered_cache_behavior": [],
            "origin": [
              {
                "connection_attempts": 3,
                "connection_timeout": 10,
                "custom_header": [],
                "custom_origin_config": [
                  {
                    "http_port": 80,
                    "https_port": 443,
                    "origin_keepalive_timeout": 5,
                    "origin_protocol_policy": "https-only",
                    "origin_read_timeout": 30,
                    "origin_ssl_protocols": [
                      "TLSv1.2"
                    ]
                  }
                ],
                "domain_name": "ledhsf5tzl.execute-api.eu-west-2.amazonaws.com",
                "origin_access_control_id": "",
                "origin_id": "apigateway-ledhsf5tzl",
                "origin_path": "",
                "origin_shield": [],
                "s3_origin_config": [],
                "vpc_origin_config": []
              }
            ],
            "origin_group": [],
            "price_class": "PriceClass_All",
            "restrictions": [
              {
                "geo_restriction": [
                  {
                    "locations": [],
                    "restriction_type": "none"
                  }
                ]
              }
            ],
            "retain_on_delete": false,
            "staging": false,
            "status": "Deployed",
            "tags": {},
            "tags_all": {},
            "trusted_key_groups": [
              {
                "enabled": false,
                "items": []
              }
            ],
            "trusted_signers": [
              {
                "enabled": false,
                "items": []
              }
            ],
            "viewer_certificate": [
              {
                "acm_certificate_arn": "",
                "cloudfront_default_certificate": true,
                "iam_certificate_id": "",
                "minimum_protocol_version": "TLSv1",
                "ssl_support_method": ""
              }
            ],
            "wait_for_deployment": true,
            "web_acl_id": ""
          },
          "sensitive_attributes": [],
          "identity_schema_version": 0,
          "private": "eyJzY2hlbWFfdmVyc2lvbiI6IjEifQ==",
          "dependencies": [
            "module.cloud-front-api.aws_cloudfront_cache_policy.geo-cache-policy"
          ]
        }
      ]
    },
    {
      "module": "module.cloud-front-web",
      "mode": "managed",
      "type": "aws_cloudfront_distribution",
      "name": "resume_distribution",
      "provider": "provider[\"registry.terraform.io/hashicorp/aws\"]",
      "instances": [
        {
          "schema_version": 1,
          "attributes": {
            "aliases": [
              "about.peter-greaves.net"
            ],
            "arn": "arn:aws:cloudfront::869700439563:distribution/E2B3BPFVGKAMWQ",
            "caller_reference": "terraform-20250829114729863400000001",
            "comment": "CloudFront distribution for resume bucket",
            "continuous_deployment_policy_id": "",
            "custom_error_response": [
              {
                "error_caching_min_ttl": 300,
                "error_code": 403,
                "response_code": 200,
                "response_page_path": "/index.html"
              },
              {
                "error_caching_min_ttl": 300,
                "error_code": 404,
                "response_code": 200,
                "response_page_path": "/index.html"
              }
            ],
            "default_cache_behavior": [
              {
                "allowed_methods": [
                  "DELETE",
                  "GET",
                  "HEAD",
                  "OPTIONS",
                  "PATCH",
                  "POST",
                  "PUT"
                ],
                "cache_policy_id": "",
                "cached_methods": [
                  "GET",
                  "HEAD"
                ],
                "compress": true,
                "default_ttl": 0,
                "field_level_encryption_id": "",
                "forwarded_values": [
                  {
                    "cookies": [
                      {
                        "forward": "none",
                        "whitelisted_names": []
                      }
                    ],
                    "headers": [],
                    "query_string": false,
                    "query_string_cache_keys": []
                  }
                ],
                "function_association": [],
                "grpc_config": [
                  {
                    "enabled": false
                  }
                ],
                "lambda_function_association": [],
                "max_ttl": 0,
                "min_ttl": 0,
                "origin_request_policy_id": "",
                "realtime_log_config_arn": "",
                "response_headers_policy_id": "",
                "smooth_streaming": false,
                "target_origin_id": "S3-resume-bucket",
                "trusted_key_groups": [],
                "trusted_signers": [],
                "viewer_protocol_policy": "redirect-to-https"
              }
            ],
            "default_root_object": "index.html",
            "domain_name": "d3brrkcpm10c7m.cloudfront.net",
            "enabled": true,
            "etag": "E2SXLEJBWQHRQM",
            "hosted_zone_id": "Z2FDTNDATAQYW2",
            "http_version": "http2",
            "id": "E2B3BPFVGKAMWQ",
            "in_progress_validation_batches": 0,
            "is_ipv6_enabled": true,
            "last_modified_time": "2025-08-29 11:47:29.969 +0000 UTC",
            "logging_config": [],
            "ordered_cache_behavior": [],
            "origin": [
              {
                "connection_attempts": 3,
                "connection_timeout": 10,
                "custom_header": [],
                "custom_origin_config": [],
                "domain_name": "cloud-resume-challenge-content-bucket.s3.eu-west-2.amazonaws.com",
                "origin_access_control_id": "E19DQ7AE5X1A8G",
                "origin_id": "S3-resume-bucket",
                "origin_path": "",
                "origin_shield": [],
                "s3_origin_config": [],
                "vpc_origin_config": []
              }
            ],
            "origin_group": [],
            "price_class": "PriceClass_All",
            "restrictions": [
              {
                "geo_restriction": [
                  {
                    "locations": [],
                    "restriction_type": "none"
                  }
                ]
              }
            ],
            "retain_on_delete": false,
            "staging": false,
            "status": "Deployed",
            "tags": {
              "Environment": "production",
              "Name": "Resume Distribution"
            },
            "tags_all": {
              "Environment": "production",
              "Name": "Resume Distribution"
            },
            "trusted_key_groups": [
              {
                "enabled": false,
                "items": []
              }
            ],
            "trusted_signers": [
              {
                "enabled": false,
                "items": []
              }
            ],
            "viewer_certificate": [
              {
                "acm_certificate_arn": "arn:aws:acm:us-east-1:869700439563:certificate/0736b2dc-093f-4a60-bacb-e28e70414a25",
                "cloudfront_default_certificate": false,
                "iam_certificate_id": "",
                "minimum_protocol_version": "TLSv1.2_2021",
                "ssl_support_method": "sni-only"
              }
            ],
            "wait_for_deployment": true,
            "web_acl_id": ""
          },
          "sensitive_attributes": [],
          "identity_schema_version": 0,
          "private": "eyJzY2hlbWFfdmVyc2lvbiI6IjEifQ==",
          "dependencies": [
            "module.cloud-front-web.aws_cloudfront_origin_access_control.s3_oac",
            "module.content-s3.aws_s3_bucket.website-bucket"
          ]
        }
      ]
    },
    {
      "module": "module.cloud-front-web",
      "mode": "managed",
      "type": "aws_cloudfront_origin_access_control",
      "name": "s3_oac",
      "provider": "provider[\"registry.terraform.io/hashicorp/aws\"]",
      "instances": [
        {
          "schema_version": 0,
          "attributes": {
            "arn": "arn:aws:cloudfront::869700439563:origin-access-control/E19DQ7AE5X1A8G",
            "description": "Origin Access Control for resume bucket",
            "etag": "ETVPDKIKX0DER",
            "id": "E19DQ7AE5X1A8G",
            "name": "resume-bucket-oac",
            "origin_access_control_origin_type": "s3",
            "signing_behavior": "always",
            "signing_protocol": "sigv4"
          },
          "sensitive_attributes": [],
          "identity_schema_version": 0,
          "private": "bnVsbA=="
        }
      ]
    },
    {
      "module": "module.cloud-front-web",
      "mode": "managed",
      "type": "aws_route53_record",
      "name": "www_A",
      "provider": "provider[\"registry.terraform.io/hashicorp/aws\"]",
      "instances": [
        {
          "schema_version": 2,
          "attributes": {
            "alias": [
              {
                "evaluate_target_health": false,
                "name": "d3brrkcpm10c7m.cloudfront.net",
                "zone_id": "Z2FDTNDATAQYW2"
              }
            ],
            "allow_overwrite": null,
            "cidr_routing_policy": [],
            "failover_routing_policy": [],
            "fqdn": "about.peter-greaves.net",
            "geolocation_routing_policy": [],
            "geoproximity_routing_policy": [],
            "health_check_id": "",
            "id": "Z0738660KJJM7N1VV5WV_about.peter-greaves.net._A",
            "latency_routing_policy": [],
            "multivalue_answer_routing_policy": false,
            "name": "about.peter-greaves.net",
            "records": [],
            "set_identifier": "",
            "timeouts": null,
            "ttl": 0,
            "type": "A",
            "weighted_routing_policy": [],
            "zone_id": "Z0738660KJJM7N1VV5WV"
          },
          "sensitive_attributes": [],
          "identity_schema_version": 0,
          "private": "eyJlMmJmYjczMC1lY2FhLTExZTYtOGY4OC0zNDM2M2JjN2M0YzAiOnsiY3JlYXRlIjoxODAwMDAwMDAwMDAwLCJkZWxldGUiOjE4MDAwMDAwMDAwMDAsInVwZGF0ZSI6MTgwMDAwMDAwMDAwMH0sInNjaGVtYV92ZXJzaW9uIjoiMiJ9",
          "dependencies": [
            "module.cloud-front-web.aws_cloudfront_distribution.resume_distribution",
            "module.cloud-front-web.aws_cloudfront_origin_access_control.s3_oac",
            "module.content-s3.aws_s3_bucket.website-bucket"
          ]
        }
      ]
    },
    {
      "module": "module.cloud-front-web",
      "mode": "managed",
      "type": "aws_route53_record",
      "name": "www_AAAA",
      "provider": "provider[\"registry.terraform.io/hashicorp/aws\"]",
      "instances": [
        {
          "schema_version": 2,
          "attributes": {
            "alias": [
              {
                "evaluate_target_health": false,
                "name": "d3brrkcpm10c7m.cloudfront.net",
                "zone_id": "Z2FDTNDATAQYW2"
              }
            ],
            "allow_overwrite": null,
            "cidr_routing_policy": [],
            "failover_routing_policy": [],
            "fqdn": "about.peter-greaves.net",
            "geolocation_routing_policy": [],
            "geoproximity_routing_policy": [],
            "health_check_id": "",
            "id": "Z0738660KJJM7N1VV5WV_about.peter-greaves.net._AAAA",
            "latency_routing_policy": [],
            "multivalue_answer_routing_policy": false,
            "name": "about.peter-greaves.net",
            "records": [],
            "set_identifier": "",
            "timeouts": null,
            "ttl": 0,
            "type": "AAAA",
            "weighted_routing_policy": [],
            "zone_id": "Z0738660KJJM7N1VV5WV"
          },
          "sensitive_attributes": [],
          "identity_schema_version": 0,
          "private": "eyJlMmJmYjczMC1lY2FhLTExZTYtOGY4OC0zNDM2M2JjN2M0YzAiOnsiY3JlYXRlIjoxODAwMDAwMDAwMDAwLCJkZWxldGUiOjE4MDAwMDAwMDAwMDAsInVwZGF0ZSI6MTgwMDAwMDAwMDAwMH0sInNjaGVtYV92ZXJzaW9uIjoiMiJ9",
          "dependencies": [
            "module.cloud-front-web.aws_cloudfront_distribution.resume_distribution",
            "module.cloud-front-web.aws_cloudfront_origin_access_control.s3_oac",
            "module.content-s3.aws_s3_bucket.website-bucket"
          ]
        }
      ]
    },
    {
      "module": "module.cloud-front-web",
      "mode": "managed",
      "type": "aws_s3_bucket_policy",
      "name": "resume_bucket_policy",
      "provider": "provider[\"registry.terraform.io/hashicorp/aws\"]",
      "instances": [
        {
          "schema_version": 0,
          "attributes": {
            "bucket": "cloud-resume-challenge-content-bucket",
            "id": "cloud-resume-challenge-content-bucket",
            "policy": "{\"Statement\":[{\"Action\":\"s3:GetObject\",\"Condition\":{\"StringEquals\":{\"AWS:SourceArn\":\"arn:aws:cloudfront::869700439563:distribution/E2B3BPFVGKAMWQ\"}},\"Effect\":\"Allow\",\"Principal\":{\"Service\":\"cloudfront.amazonaws.com\"},\"Resource\":\"arn:aws:s3:::cloud-resume-challenge-content-bucket/*\",\"Sid\":\"AllowCloudFrontServicePrincipal\"}],\"Version\":\"2012-10-17\"}"
          },
          "sensitive_attributes": [],
          "identity_schema_version": 0,
          "private": "bnVsbA==",
          "dependencies": [
            "module.cloud-front-web.aws_cloudfront_distribution.resume_distribution",
            "module.cloud-front-web.aws_cloudfront_origin_access_control.s3_oac",
            "module.content-s3.aws_s3_bucket.website-bucket"
          ]
        }
      ]
    },
    {
      "module": "module.content-s3",
      "mode": "managed",
      "type": "aws_s3_bucket",
      "name": "website-bucket",
      "provider": "provider[\"registry.terraform.io/hashicorp/aws\"]",
      "instances": [
        {
          "schema_version": 0,
          "attributes": {
            "acceleration_status": "",
            "acl": null,
            "arn": "arn:aws:s3:::cloud-resume-challenge-content-bucket",
            "bucket": "cloud-resume-challenge-content-bucket",
            "bucket_domain_name": "cloud-resume-challenge-content-bucket.s3.amazonaws.com",
            "bucket_prefix": "",
            "bucket_regional_domain_name": "cloud-resume-challenge-content-bucket.s3.eu-west-2.amazonaws.com",
            "cors_rule": [],
            "force_destroy": false,
            "grant": [
              {
                "id": "568b14aa1c46c2fdf4747af01c5967bd58513320336b897676eb2c17767f93b5",
                "permissions": [
                  "FULL_CONTROL"
                ],
                "type": "CanonicalUser",
                "uri": ""
              }
            ],
            "hosted_zone_id": "Z3GKZC51ZF0DB4",
            "id": "cloud-resume-challenge-content-bucket",
            "lifecycle_rule": [],
            "logging": [],
            "object_lock_configuration": [],
            "object_lock_enabled": false,
            "policy": "{\"Statement\":[{\"Action\":\"s3:GetObject\",\"Condition\":{\"StringEquals\":{\"AWS:SourceArn\":\"arn:aws:cloudfront::869700439563:distribution/E2B3BPFVGKAMWQ\"}},\"Effect\":\"Allow\",\"Principal\":{\"Service\":\"cloudfront.amazonaws.com\"},\"Resource\":\"arn:aws:s3:::cloud-resume-challenge-content-bucket/*\",\"Sid\":\"AllowCloudFrontServicePrincipal\"}],\"Version\":\"2012-10-17\"}",
            "region": "eu-west-2",
            "replication_configuration": [],
            "request_payer": "BucketOwner",
            "server_side_encryption_configuration": [
              {
                "rule": [
                  {
                    "apply_server_side_encryption_by_default": [
                      {
                        "kms_master_key_id": "",
                        "sse_algorithm": "AES256"
                      }
                    ],
                    "bucket_key_enabled": false
                  }
                ]
              }
            ],
            "tags": {},
            "tags_all": {},
            "timeouts": null,
            "versioning": [
              {
                "enabled": false,
                "mfa_delete": false
              }
            ],
            "website": [
              {
                "error_document": "index.html",
                "index_document": "index.html",
                "redirect_all_requests_to": "",
                "routing_rules": ""
              }
            ],
            "website_domain": "s3-website.eu-west-2.amazonaws.com",
            "website_endpoint": "cloud-resume-challenge-content-bucket.s3-website.eu-west-2.amazonaws.com"
          },
          "sensitive_attributes": [],
          "identity_schema_version": 0,
          "private": "eyJlMmJmYjczMC1lY2FhLTExZTYtOGY4OC0zNDM2M2JjN2M0YzAiOnsiY3JlYXRlIjoxMjAwMDAwMDAwMDAwLCJkZWxldGUiOjM2MDAwMDAwMDAwMDAsInJlYWQiOjEyMDAwMDAwMDAwMDAsInVwZGF0ZSI6MTIwMDAwMDAwMDAwMH19"
        }
      ]
    },
    {
      "module": "module.content-s3",
      "mode": "managed",
      "type": "aws_s3_bucket_policy",
      "name": "website_bucket_policy",
      "provider": "provider[\"registry.terraform.io/hashicorp/aws\"]",
      "instances": [
        {
          "schema_version": 0,
          "attributes": {
            "bucket": "cloud-resume-challenge-content-bucket",
            "id": "cloud-resume-challenge-content-bucket",
            "policy": "{\"Statement\":[{\"Action\":\"s3:GetObject\",\"Effect\":\"Allow\",\"Principal\":\"*\",\"Resource\":\"arn:aws:s3:::cloud-resume-challenge-content-bucket/*\",\"Sid\":\"PublicReadGetObject\"}],\"Version\":\"2012-10-17\"}"
          },
          "sensitive_attributes": [],
          "identity_schema_version": 0,
          "private": "bnVsbA==",
          "dependencies": [
            "module.content-s3.aws_s3_bucket.website-bucket",
            "module.content-s3.aws_s3_bucket_public_access_block.website_bucket_pab"
          ]
        }
      ]
    },
    {
      "module": "module.content-s3",
      "mode": "managed",
      "type": "aws_s3_bucket_public_access_block",
      "name": "website_bucket_pab",
      "provider": "provider[\"registry.terraform.io/hashicorp/aws\"]",
      "instances": [
        {
          "schema_version": 0,
          "attributes": {
            "block_public_acls": false,
            "block_public_policy": false,
            "bucket": "cloud-resume-challenge-content-bucket",
            "id": "cloud-resume-challenge-content-bucket",
            "ignore_public_acls": false,
            "restrict_public_buckets": false
          },
          "sensitive_attributes": [],
          "identity_schema_version": 0,
          "private": "bnVsbA==",
          "dependencies": [
            "module.content-s3.aws_s3_bucket.website-bucket"
          ]
        }
      ]
    },
    {
      "module": "module.content-s3",
      "mode": "managed",
      "type": "aws_s3_bucket_versioning",
      "name": "website_bucket_versioning",
      "provider": "provider[\"registry.terraform.io/hashicorp/aws\"]",
      "instances": [
        {
          "schema_version": 0,
          "attributes": {
            "bucket": "cloud-resume-challenge-content-bucket",
            "expected_bucket_owner": "",
            "id": "cloud-resume-challenge-content-bucket",
            "mfa": null,
            "versioning_configuration": [
              {
                "mfa_delete": "",
                "status": "Disabled"
              }
            ]
          },
          "sensitive_attributes": [],
          "identity_schema_version": 0,
          "private": "bnVsbA==",
          "dependencies": [
            "module.content-s3.aws_s3_bucket.website-bucket"
          ]
        }
      ]
    },
    {
      "module": "module.content-s3",
      "mode": "managed",
      "type": "aws_s3_bucket_website_configuration",
      "name": "website-bucket-conf",
      "provider": "provider[\"registry.terraform.io/hashicorp/aws\"]",
      "instances": [
        {
          "schema_version": 0,
          "attributes": {
            "bucket": "cloud-resume-challenge-content-bucket",
            "error_document": [
              {
                "key": "index.html"
              }
            ],
            "expected_bucket_owner": "",
            "id": "cloud-resume-challenge-content-bucket",
            "index_document": [
              {
                "suffix": "index.html"
              }
            ],
            "redirect_all_requests_to": [],
            "routing_rule": [],
            "routing_rules": "",
            "website_domain": "s3-website.eu-west-2.amazonaws.com",
            "website_endpoint": "cloud-resume-challenge-content-bucket.s3-website.eu-west-2.amazonaws.com"
          },
          "sensitive_attributes": [],
          "identity_schema_version": 0,
          "private": "bnVsbA==",
          "dependencies": [
            "module.content-s3.aws_s3_bucket.website-bucket"
          ]
        }
      ]
    },
    {
      "module": "module.db",
      "mode": "managed",
      "type": "aws_dynamodb_table",
      "name": "metrics",
      "provider": "provider[\"registry.terraform.io/hashicorp/aws\"]",
      "instances": [
        {
          "schema_version": 1,
          "attributes": {
            "arn": "arn:aws:dynamodb:eu-west-2:869700439563:table/metrics",
            "attribute": [
              {
                "name": "hits",
                "type": "S"
              }
            ],
            "billing_mode": "PROVISIONED",
            "deletion_protection_enabled": false,
            "global_secondary_index": [],
            "hash_key": "hits",
            "id": "metrics",
            "import_table": [],
            "local_secondary_index": [],
            "name": "metrics",
            "on_demand_throughput": [],
            "point_in_time_recovery": [
              {
                "enabled": true,
                "recovery_period_in_days": 35
              }
            ],
            "range_key": null,
            "read_capacity": 5,
            "replica": [],
            "restore_date_time": null,
            "restore_source_name": null,
            "restore_source_table_arn": null,
            "restore_to_latest_time": null,
            "server_side_encryption": [
              {
                "enabled": true,
                "kms_key_arn": ""
              }
            ],
            "stream_arn": "",
            "stream_enabled": false,
            "stream_label": "",
            "stream_view_type": "",
            "table_class": "STANDARD",
            "tags": {
              "Name": "metrics-table"
            },
            "tags_all": {
              "Name": "metrics-table"
            },
            "timeouts": null,
            "ttl": [
              {
                "attribute_name": "ttl",
                "enabled": true
              }
            ],
            "write_capacity": 5
          },
          "sensitive_attributes": [],
          "identity_schema_version": 0,
          "private": "eyJlMmJmYjczMC1lY2FhLTExZTYtOGY4OC0zNDM2M2JjN2M0YzAiOnsiY3JlYXRlIjoxODAwMDAwMDAwMDAwLCJkZWxldGUiOjYwMDAwMDAwMDAwMCwidXBkYXRlIjozNjAwMDAwMDAwMDAwfSwic2NoZW1hX3ZlcnNpb24iOiIxIn0="
        }
      ]
    },
    {
      "module": "module.db",
      "mode": "managed",
      "type": "aws_dynamodb_table_item",
      "name": "metrics_item_1",
      "provider": "provider[\"registry.terraform.io/hashicorp/aws\"]",
      "instances": [
        {
          "schema_version": 0,
          "attributes": {
            "hash_key": "hits",
            "id": "metrics|hits|hit_001",
            "item": "{\"hit_dt\":{\"S\":\"2024-08-20T10:30:00Z\"},\"hit_geo\":{\"S\":\"US-NY-New York\"},\"hits\":{\"S\":\"hit_001\"}}",
            "range_key": null,
            "table_name": "metrics"
          },
          "sensitive_attributes": [],
          "identity_schema_version": 0,
          "private": "bnVsbA==",
          "dependencies": [
            "module.db.aws_dynamodb_table.metrics"
          ]
        }
      ]
    },
    {
      "module": "module.db",
      "mode": "managed",
      "type": "aws_dynamodb_table_item",
      "name": "metrics_item_2",
      "provider": "provider[\"registry.terraform.io/hashicorp/aws\"]",
      "instances": [
        {
          "schema_version": 0,
          "attributes": {
            "hash_key": "hits",
            "id": "metrics|hits|hit_002",
            "item": "{\"hit_dt\":{\"S\":\"2024-08-20T14:45:30Z\"},\"hit_geo\":{\"S\":\"GB-ENG-London\"},\"hits\":{\"S\":\"hit_002\"}}",
            "range_key": null,
            "table_name": "metrics"
          },
          "sensitive_attributes": [],
          "identity_schema_version": 0,
          "private": "bnVsbA==",
          "dependencies": [
            "module.db.aws_dynamodb_table.metrics"
          ]
        }
      ]
    },
    {
      "module": "module.db",
      "mode": "managed",
      "type": "aws_dynamodb_table_item",
      "name": "metrics_item_3",
      "provider": "provider[\"registry.terraform.io/hashicorp/aws\"]",
      "instances": [
        {
          "schema_version": 0,
          "attributes": {
            "hash_key": "hits",
            "id": "metrics|hits|hit_003",
            "item": "{\"hit_dt\":{\"S\":\"2024-08-20T08:15:45Z\"},\"hit_geo\":{\"S\":\"CA-ON-Toronto\"},\"hits\":{\"S\":\"hit_003\"}}",
            "range_key": null,
            "table_name": "metrics"
          },
          "sensitive_attributes": [],
          "identity_schema_version": 0,
          "private": "bnVsbA==",
          "dependencies": [
            "module.db.aws_dynamodb_table.metrics"
          ]
        }
      ]
    },
    {
      "module": "module.db",
      "mode": "managed",
      "type": "aws_dynamodb_table_item",
      "name": "metrics_item_4",
      "provider": "provider[\"registry.terraform.io/hashicorp/aws\"]",
      "instances": [
        {
          "schema_version": 0,
          "attributes": {
            "hash_key": "hits",
            "id": "metrics|hits|hit_004",
            "item": "{\"hit_dt\":{\"S\":\"2024-08-20T22:20:15Z\"},\"hit_geo\":{\"S\":\"AU-NSW-Sydney\"},\"hits\":{\"S\":\"hit_004\"}}",
            "range_key": null,
            "table_name": "metrics"
          },
          "sensitive_attributes": [],
          "identity_schema_version": 0,
          "private": "bnVsbA==",
          "dependencies": [
            "module.db.aws_dynamodb_table.metrics"
          ]
        }
      ]
    },
    {
      "module": "module.db",
      "mode": "managed",
      "type": "aws_dynamodb_table_item",
      "name": "metrics_item_5",
      "provider": "provider[\"registry.terraform.io/hashicorp/aws\"]",
      "instances": [
        {
          "schema_version": 0,
          "attributes": {
            "hash_key": "hits",
            "id": "metrics|hits|hit_005",
            "item": "{\"hit_dt\":{\"S\":\"2024-08-20T16:55:20Z\"},\"hit_geo\":{\"S\":\"DE-BE-Berlin\"},\"hits\":{\"S\":\"hit_005\"}}",
            "range_key": null,
            "table_name": "metrics"
          },
          "sensitive_attributes": [],
          "identity_schema_version": 0,
          "private": "bnVsbA==",
          "dependencies": [
            "module.db.aws_dynamodb_table.metrics"
          ]
        }
      ]
    },
    {
      "module": "module.lambda",
      "mode": "data",
      "type": "archive_file",
      "name": "lambda_zip",
      "provider": "provider[\"registry.terraform.io/hashicorp/archive\"]",
      "instances": [
        {
          "schema_version": 0,
          "attributes": {
            "exclude_symlink_directories": null,
            "excludes": null,
            "id": "8c087839525f7cc012282f1e62cb793bbd04f22f",
            "output_base64sha256": "VilVrCHSu3TjelNGOrZPagNVFbGSlEzCFS4KGcgv060=",
            "output_base64sha512": "QPQicdGozfbvSXWuhS0OwIbbrR3LMKhtLFY2FNWCD1YqKIbF8tD7YsbmBkfrXULzqMa9E20Sn+2eVhk4An6FNg==",
            "output_file_mode": null,
            "output_md5": "7b8e22f3ec0d113a6c8eeea30fb31949",
            "output_path": "modules/counter-lambda/../tmp/counter-lambda.zip",
            "output_sha": "8c087839525f7cc012282f1e62cb793bbd04f22f",
            "output_sha256": "562955ac21d2bb74e37a53463ab64f6a035515b192944cc2152e0a19c82fd3ad",
            "output_sha512": "40f42271d1a8cdf6ef4975ae852d0ec086dbad1dcb30a86d2c563614d5820f562a2886c5f2d0fb62c6e60647eb5d42f3a8c6bd136d129fed9e561938027e8536",
            "output_size": 1629,
            "source": [],
            "source_content": null,
            "source_content_filename": null,
            "source_dir": null,
            "source_file": "modules/counter-lambda/../../../src/counter_function.py",
            "type": "zip"
          },
          "sensitive_attributes": [],
          "identity_schema_version": 0
        }
      ]
    },
    {
      "module": "module.lambda",
      "mode": "data",
      "type": "aws_region",
      "name": "current",
      "provider": "provider[\"registry.terraform.io/hashicorp/aws\"]",
      "instances": [
        {
          "schema_version": 0,
          "attributes": {
            "description": "Europe (London)",
            "endpoint": "ec2.eu-west-2.amazonaws.com",
            "id": "eu-west-2",
            "name": "eu-west-2"
          },
          "sensitive_attributes": [],
          "identity_schema_version": 0
        }
      ]
    },
    {
      "module": "module.lambda",
      "mode": "managed",
      "type": "aws_cloudwatch_log_group",
      "name": "lambda_log_group",
      "provider": "provider[\"registry.terraform.io/hashicorp/aws\"]",
      "instances": [
        {
          "schema_version": 0,
          "attributes": {
            "arn": "arn:aws:logs:eu-west-2:869700439563:log-group:/aws/lambda/resume-metrics-python-lambda",
            "id": "/aws/lambda/resume-metrics-python-lambda",
            "kms_key_id": "",
            "log_group_class": "STANDARD",
            "name": "/aws/lambda/resume-metrics-python-lambda",
            "name_prefix": "",
            "retention_in_days": 14,
            "skip_destroy": false,
            "tags": {},
            "tags_all": {}
          },
          "sensitive_attributes": [],
          "identity_schema_version": 0,
          "private": "bnVsbA=="
        }
      ]
    },
    {
      "module": "module.lambda",
      "mode": "managed",
      "type": "aws_iam_policy",
      "name": "counter-db-policy",
      "provider": "provider[\"registry.terraform.io/hashicorp/aws\"]",
      "instances": [
        {
          "schema_version": 0,
          "attributes": {
            "arn": "arn:aws:iam::869700439563:policy/counter-lambda-dynamodb-policy",
            "attachment_count": 1,
            "description": "Policy for Lambda to access DynamoDB",
            "id": "arn:aws:iam::869700439563:policy/counter-lambda-dynamodb-policy",
            "name": "counter-lambda-dynamodb-policy",
            "name_prefix": "",
            "path": "/",
            "policy": "{\"Statement\":[{\"Action\":[\"dynamodb:GetItem\",\"dynamodb:PutItem\",\"dynamodb:UpdateItem\",\"dynamodb:DeleteItem\",\"dynamodb:Scan\",\"dynamodb:Query\"],\"Effect\":\"Allow\",\"Resource\":[\"arn:aws:dynamodb:eu-west-2:*:table/metrics\",\"arn:aws:dynamodb:eu-west-2:*:table/metrics/index/*\"]}],\"Version\":\"2012-10-17\"}",
            "policy_id": "ANPA4U7RPRYFRAK2GW3RV",
            "tags": {},
            "tags_all": {}
          },
          "sensitive_attributes": [],
          "identity_schema_version": 0,
          "private": "bnVsbA==",
          "dependencies": [
            "module.db.aws_dynamodb_table.metrics",
            "module.lambda.data.aws_region.current"
          ]
        }
      ]
    },
    {
      "module": "module.lambda",
      "mode": "managed",
      "type": "aws_iam_role",
      "name": "counter-lambda-role",
      "provider": "provider[\"registry.terraform.io/hashicorp/aws\"]",
      "instances": [
        {
          "schema_version": 0,
          "attributes": {
            "arn": "arn:aws:iam::869700439563:role/counter_lambda_execution_role",
            "assume_role_policy": "{\"Statement\":[{\"Action\":\"sts:AssumeRole\",\"Effect\":\"Allow\",\"Principal\":{\"Service\":\"lambda.amazonaws.com\"}}],\"Version\":\"2012-10-17\"}",
            "create_date": "2025-08-26T12:17:21Z",
            "description": "",
            "force_detach_policies": false,
            "id": "counter_lambda_execution_role",
            "inline_policy": [],
            "managed_policy_arns": [
              "arn:aws:iam::869700439563:policy/counter-lambda-dynamodb-policy",
              "arn:aws:iam::aws:policy/service-role/AWSLambdaBasicExecutionRole"
            ],
            "max_session_duration": 3600,
            "name": "counter_lambda_execution_role",
            "name_prefix": "",
            "path": "/",
            "permissions_boundary": "",
            "tags": {},
            "tags_all": {},
            "unique_id": "AROA4U7RPRYF2YHTOBUAU"
          },
          "sensitive_attributes": [],
          "identity_schema_version": 0,
          "private": "bnVsbA=="
        }
      ]
    },
    {
      "module": "module.lambda",
      "mode": "managed",
      "type": "aws_iam_role_policy_attachment",
      "name": "lambda_dynamodb_policy",
      "provider": "provider[\"registry.terraform.io/hashicorp/aws\"]",
      "instances": [
        {
          "schema_version": 0,
          "attributes": {
            "id": "counter_lambda_execution_role-20250826121729028600000003",
            "policy_arn": "arn:aws:iam::869700439563:policy/counter-lambda-dynamodb-policy",
            "role": "counter_lambda_execution_role"
          },
          "sensitive_attributes": [],
          "identity_schema_version": 0,
          "private": "bnVsbA==",
          "dependencies": [
            "module.db.aws_dynamodb_table.metrics",
            "module.lambda.aws_iam_policy.counter-db-policy",
            "module.lambda.aws_iam_role.counter-lambda-role",
            "module.lambda.data.aws_region.current"
          ]
        }
      ]
    },
    {
      "module": "module.lambda",
      "mode": "managed",
      "type": "aws_iam_role_policy_attachment",
      "name": "lambda_logs",
      "provider": "provider[\"registry.terraform.io/hashicorp/aws\"]",
      "instances": [
        {
          "schema_version": 0,
          "attributes": {
            "id": "counter_lambda_execution_role-20250826121721683700000001",
            "policy_arn": "arn:aws:iam::aws:policy/service-role/AWSLambdaBasicExecutionRole",
            "role": "counter_lambda_execution_role"
          },
          "sensitive_attributes": [],
          "identity_schema_version": 0,
          "private": "bnVsbA==",
          "dependencies": [
            "module.lambda.aws_iam_role.counter-lambda-role"
          ]
        }
      ]
    },
    {
      "module": "module.lambda",
      "mode": "managed",
      "type": "aws_lambda_function",
      "name": "counter-lambda",
      "provider": "provider[\"registry.terraform.io/hashicorp/aws\"]",
      "instances": [
        {
          "schema_version": 0,
          "attributes": {
            "architectures": [
              "x86_64"
            ],
            "arn": "arn:aws:lambda:eu-west-2:869700439563:function:UD02I0P7B3DV-resume-metrics-lambda",
            "code_sha256": "VilVrCHSu3TjelNGOrZPagNVFbGSlEzCFS4KGcgv060=",
            "code_signing_config_arn": "",
            "dead_letter_config": [],
            "description": "function that increments and returns the number of resume hits (from TF)",
            "environment": [],
            "ephemeral_storage": [
              {
                "size": 512
              }
            ],
            "file_system_config": [],
            "filename": "modules/counter-lambda/../tmp/counter-lambda.zip",
            "function_name": "UD02I0P7B3DV-resume-metrics-lambda",
            "handler": "counter_function.counter_handler",
            "id": "UD02I0P7B3DV-resume-metrics-lambda",
            "image_config": [],
            "image_uri": "",
            "invoke_arn": "arn:aws:apigateway:eu-west-2:lambda:path/2015-03-31/functions/arn:aws:lambda:eu-west-2:869700439563:function:UD02I0P7B3DV-resume-metrics-lambda/invocations",
            "kms_key_arn": "",
            "last_modified": "2025-08-29T12:55:39.000+0000",
            "layers": [],
            "logging_config": [
              {
                "application_log_level": "",
                "log_format": "Text",
                "log_group": "/aws/lambda/UD02I0P7B3DV-resume-metrics-lambda",
                "system_log_level": ""
              }
            ],
            "memory_size": 128,
            "package_type": "Zip",
            "publish": false,
            "qualified_arn": "arn:aws:lambda:eu-west-2:869700439563:function:UD02I0P7B3DV-resume-metrics-lambda:$LATEST",
            "qualified_invoke_arn": "arn:aws:apigateway:eu-west-2:lambda:path/2015-03-31/functions/arn:aws:lambda:eu-west-2:869700439563:function:UD02I0P7B3DV-resume-metrics-lambda:$LATEST/invocations",
            "replace_security_groups_on_destroy": null,
            "replacement_security_group_ids": null,
            "reserved_concurrent_executions": -1,
            "role": "arn:aws:iam::869700439563:role/counter_lambda_execution_role",
            "runtime": "python3.10",
            "s3_bucket": null,
            "s3_key": null,
            "s3_object_version": null,
            "signing_job_arn": "",
            "signing_profile_version_arn": "",
            "skip_destroy": false,
            "snap_start": [],
            "source_code_hash": "VilVrCHSu3TjelNGOrZPagNVFbGSlEzCFS4KGcgv060=",
            "source_code_size": 1629,
            "tags": {},
            "tags_all": {},
            "timeout": 3,
            "timeouts": null,
            "tracing_config": [
              {
                "mode": "PassThrough"
              }
            ],
            "version": "$LATEST",
            "vpc_config": []
          },
          "sensitive_attributes": [],
          "identity_schema_version": 0,
          "private": "eyJlMmJmYjczMC1lY2FhLTExZTYtOGY4OC0zNDM2M2JjN2M0YzAiOnsiY3JlYXRlIjo2MDAwMDAwMDAwMDAsImRlbGV0ZSI6NjAwMDAwMDAwMDAwLCJ1cGRhdGUiOjYwMDAwMDAwMDAwMH19",
          "dependencies": [
            "module.lambda.aws_iam_role.counter-lambda-role",
            "module.lambda.data.archive_file.lambda_zip",
            "module.lambda.random_string.random"
          ]
        }
      ]
    },
    {
      "module": "module.lambda",
      "mode": "managed",
      "type": "aws_lambda_permission",
      "name": "api_gateway_invoke",
      "provider": "provider[\"registry.terraform.io/hashicorp/aws\"]",
      "instances": [
        {
          "schema_version": 0,
          "attributes": {
            "action": "lambda:InvokeFunction",
            "event_source_token": null,
            "function_name": "UD02I0P7B3DV-resume-metrics-lambda",
            "function_url_auth_type": null,
            "id": "AllowExecutionFromAPIGateway",
            "principal": "apigateway.amazonaws.com",
            "principal_org_id": null,
            "qualifier": "",
            "source_account": null,
            "source_arn": "arn:aws:execute-api:eu-west-2:869700439563:ledhsf5tzl/*/*",
            "statement_id": "AllowExecutionFromAPIGateway",
            "statement_id_prefix": ""
          },
          "sensitive_attributes": [],
          "identity_schema_version": 0,
          "private": "bnVsbA==",
          "dependencies": [
            "module.api-gw.aws_api_gateway_rest_api.counter_api",
            "module.lambda.aws_iam_role.counter-lambda-role",
            "module.lambda.aws_lambda_function.counter-lambda",
            "module.lambda.data.archive_file.lambda_zip",
            "module.lambda.random_string.random"
          ]
        }
      ]
    },
    {
      "module": "module.lambda",
      "mode": "managed",
      "type": "random_string",
      "name": "random",
      "provider": "provider[\"registry.terraform.io/hashicorp/random\"]",
      "instances": [
        {
          "schema_version": 2,
          "attributes": {
            "id": "UD02I0P7B3DV",
            "keepers": null,
            "length": 12,
            "lower": false,
            "min_lower": 0,
            "min_numeric": 0,
            "min_special": 0,
            "min_upper": 0,
            "number": true,
            "numeric": true,
            "override_special": "/@£$",
            "result": "UD02I0P7B3DV",
            "special": false,
            "upper": true
          },
          "sensitive_attributes": [],
          "identity_schema_version": 0
        }
      ]
    }
  ],
  "check_results": null
}
